// !$*UTF8*$!
{
	archiveVersion = 1;
	classes = {
	};
	objectVersion = 56;
	objects = {

/* Begin PBXBuildFile section */
		0D1E0BE2D4D86885FF80F04F /* Pods_Offroad_iOS_Offroad_iOSUITests.framework in Frameworks */ = {isa = PBXBuildFile; fileRef = C9C00FCF31F1DF74855DC482 /* Pods_Offroad_iOS_Offroad_iOSUITests.framework */; };
		304C93D171B33D99789DA86D /* Pods_Offroad_iOS.framework in Frameworks */ = {isa = PBXBuildFile; fileRef = 197CEEAC334A0A510C4EBC1E /* Pods_Offroad_iOS.framework */; };
		4E03942D2C2A9DCE007F0517 /* AppDelegate.swift in Sources */ = {isa = PBXBuildFile; fileRef = 4E03942C2C2A9DCE007F0517 /* AppDelegate.swift */; };
		4E03942F2C2A9DCE007F0517 /* SceneDelegate.swift in Sources */ = {isa = PBXBuildFile; fileRef = 4E03942E2C2A9DCE007F0517 /* SceneDelegate.swift */; };
		4E0394312C2A9DCE007F0517 /* ViewController.swift in Sources */ = {isa = PBXBuildFile; fileRef = 4E0394302C2A9DCE007F0517 /* ViewController.swift */; };
		4E0394362C2A9DCF007F0517 /* Assets.xcassets in Resources */ = {isa = PBXBuildFile; fileRef = 4E0394352C2A9DCF007F0517 /* Assets.xcassets */; };
		4E0394392C2A9DCF007F0517 /* LaunchScreen.storyboard in Resources */ = {isa = PBXBuildFile; fileRef = 4E0394372C2A9DCF007F0517 /* LaunchScreen.storyboard */; };
		4E0394442C2A9DCF007F0517 /* Offroad_iOSTests.swift in Sources */ = {isa = PBXBuildFile; fileRef = 4E0394432C2A9DCF007F0517 /* Offroad_iOSTests.swift */; };
		4E03944E2C2A9DCF007F0517 /* Offroad_iOSUITests.swift in Sources */ = {isa = PBXBuildFile; fileRef = 4E03944D2C2A9DCF007F0517 /* Offroad_iOSUITests.swift */; };
		4E0394502C2A9DCF007F0517 /* Offroad_iOSUITestsLaunchTests.swift in Sources */ = {isa = PBXBuildFile; fileRef = 4E03944F2C2A9DCF007F0517 /* Offroad_iOSUITestsLaunchTests.swift */; };
		4E0394C82C2AB723007F0517 /* SnapKit in Frameworks */ = {isa = PBXBuildFile; productRef = 4E0394C72C2AB723007F0517 /* SnapKit */; };
		4E0394CB2C2AB750007F0517 /* Moya in Frameworks */ = {isa = PBXBuildFile; productRef = 4E0394CA2C2AB750007F0517 /* Moya */; };
		4E0394CE2C2AB762007F0517 /* Kingfisher in Frameworks */ = {isa = PBXBuildFile; productRef = 4E0394CD2C2AB762007F0517 /* Kingfisher */; };
		4E0394D12C2AB846007F0517 /* KakaoSDKAuth in Frameworks */ = {isa = PBXBuildFile; productRef = 4E0394D02C2AB846007F0517 /* KakaoSDKAuth */; };
		4E0394D32C2AB846007F0517 /* KakaoSDKCommon in Frameworks */ = {isa = PBXBuildFile; productRef = 4E0394D22C2AB846007F0517 /* KakaoSDKCommon */; };
		4E0394D52C2AB846007F0517 /* KakaoSDKUser in Frameworks */ = {isa = PBXBuildFile; productRef = 4E0394D42C2AB846007F0517 /* KakaoSDKUser */; };
		4E0394D92C2ABCCC007F0517 /* UIView+.swift in Sources */ = {isa = PBXBuildFile; fileRef = 4E0394D82C2ABCCC007F0517 /* UIView+.swift */; };
		4E0394DB2C2ABE9D007F0517 /* UIStackView+.swift in Sources */ = {isa = PBXBuildFile; fileRef = 4E0394DA2C2ABE9D007F0517 /* UIStackView+.swift */; };
		4E0394DD2C2ABEF2007F0517 /* UITextField+.swift in Sources */ = {isa = PBXBuildFile; fileRef = 4E0394DC2C2ABEF2007F0517 /* UITextField+.swift */; };
		4E0394E12C2AC059007F0517 /* NSObject+.swift in Sources */ = {isa = PBXBuildFile; fileRef = 4E0394E02C2AC059007F0517 /* NSObject+.swift */; };
		4E0394E32C2AC0D7007F0517 /* UIWindow+.swift in Sources */ = {isa = PBXBuildFile; fileRef = 4E0394E22C2AC0D7007F0517 /* UIWindow+.swift */; };
		4E0394E62C2AC16A007F0517 /* UIScreen+.swift in Sources */ = {isa = PBXBuildFile; fileRef = 4E0394E52C2AC16A007F0517 /* UIScreen+.swift */; };
		4E1E94112C39870700A7B08A /* ColorLiterals.swift in Sources */ = {isa = PBXBuildFile; fileRef = 4E1E94102C39870700A7B08A /* ColorLiterals.swift */; };
		4E1E94132C398C4200A7B08A /* String+.swift in Sources */ = {isa = PBXBuildFile; fileRef = 4E1E94122C398C4200A7B08A /* String+.swift */; };
		4E1E94172C3AC27000A7B08A /* QuestMapViewController.swift in Sources */ = {isa = PBXBuildFile; fileRef = 4E1E94162C3AC27000A7B08A /* QuestMapViewController.swift */; };
		4E1E94192C3AC27C00A7B08A /* QuestMapView.swift in Sources */ = {isa = PBXBuildFile; fileRef = 4E1E94182C3AC27C00A7B08A /* QuestMapView.swift */; };
		4E1E941B2C3AC37600A7B08A /* QuestMapNavigationController.swift in Sources */ = {isa = PBXBuildFile; fileRef = 4E1E941A2C3AC37600A7B08A /* QuestMapNavigationController.swift */; };
		4E3F009E2C40D20800B9A31A /* OffroadTabBarController.swift in Sources */ = {isa = PBXBuildFile; fileRef = 4E3F009D2C40D20800B9A31A /* OffroadTabBarController.swift */; };
		4E6A5BC32C2E8C290027FDF0 /* Then in Frameworks */ = {isa = PBXBuildFile; productRef = 4E6A5BC22C2E8C290027FDF0 /* Then */; };
		4E8B478F2C382A4800D9B8EE /* Lottie in Frameworks */ = {isa = PBXBuildFile; productRef = 4E8B478E2C382A4800D9B8EE /* Lottie */; };
		4E9DACE02C3FF7290088A376 /* QuestNavigationBar.swift in Sources */ = {isa = PBXBuildFile; fileRef = 4E9DACDF2C3FF7290088A376 /* QuestNavigationBar.swift */; };
		4EBE34922C3FC73C006DB244 /* QuestQRViewController.swift in Sources */ = {isa = PBXBuildFile; fileRef = 4EBE34912C3FC73C006DB244 /* QuestQRViewController.swift */; };
		4EBE34942C3FC749006DB244 /* QuestQRView.swift in Sources */ = {isa = PBXBuildFile; fileRef = 4EBE34932C3FC749006DB244 /* QuestQRView.swift */; };
		4EDC3D412C31271F006A1493 /* Pretendard-Bold.otf in Resources */ = {isa = PBXBuildFile; fileRef = 4EDC3D382C31271E006A1493 /* Pretendard-Bold.otf */; };
		4EDC3D422C31271F006A1493 /* Pretendard-Light.otf in Resources */ = {isa = PBXBuildFile; fileRef = 4EDC3D392C31271E006A1493 /* Pretendard-Light.otf */; };
		4EDC3D432C31271F006A1493 /* Pretendard-Regular.otf in Resources */ = {isa = PBXBuildFile; fileRef = 4EDC3D3A2C31271E006A1493 /* Pretendard-Regular.otf */; };
		4EDC3D442C31271F006A1493 /* Pretendard-ExtraBold.otf in Resources */ = {isa = PBXBuildFile; fileRef = 4EDC3D3B2C31271E006A1493 /* Pretendard-ExtraBold.otf */; };
		4EDC3D452C31271F006A1493 /* Pretendard-Black.otf in Resources */ = {isa = PBXBuildFile; fileRef = 4EDC3D3C2C31271F006A1493 /* Pretendard-Black.otf */; };
		4EDC3D462C31271F006A1493 /* Pretendard-Medium.otf in Resources */ = {isa = PBXBuildFile; fileRef = 4EDC3D3D2C31271F006A1493 /* Pretendard-Medium.otf */; };
		4EDC3D472C31271F006A1493 /* Pretendard-Thin.otf in Resources */ = {isa = PBXBuildFile; fileRef = 4EDC3D3E2C31271F006A1493 /* Pretendard-Thin.otf */; };
		4EDC3D482C31271F006A1493 /* Pretendard-SemiBold.otf in Resources */ = {isa = PBXBuildFile; fileRef = 4EDC3D3F2C31271F006A1493 /* Pretendard-SemiBold.otf */; };
		4EDC3D492C31271F006A1493 /* Pretendard-ExtraLight.otf in Resources */ = {isa = PBXBuildFile; fileRef = 4EDC3D402C31271F006A1493 /* Pretendard-ExtraLight.otf */; };
		4EDC3D4B2C312850006A1493 /* FontLiterals.swift in Sources */ = {isa = PBXBuildFile; fileRef = 4EDC3D4A2C312850006A1493 /* FontLiterals.swift */; };
		4EEC2FA82C41216700007353 /* OffroadTabBarViewController.swift in Sources */ = {isa = PBXBuildFile; fileRef = 4EEC2FA72C41216700007353 /* OffroadTabBarViewController.swift */; };
		4EFA808B2C3E79E800876D05 /* QuestMapListButton.swift in Sources */ = {isa = PBXBuildFile; fileRef = 4EFA808A2C3E79E800876D05 /* QuestMapListButton.swift */; };

		871CF58C2C44F814001026AA /* CompleteChoosingCharacterViewController.swift in Sources */ = {isa = PBXBuildFile; fileRef = 871CF58B2C44F814001026AA /* CompleteChoosingCharacterViewController.swift */; };
		871CF58E2C44F833001026AA /* CompleteChoosingCharacterView.swift in Sources */ = {isa = PBXBuildFile; fileRef = 871CF58D2C44F833001026AA /* CompleteChoosingCharacterView.swift */; };
		8792CFFC2C3D8240002051AC /* Secrets.xcconfig in Resources */ = {isa = PBXBuildFile; fileRef = 8792CFFB2C3D823F002051AC /* Secrets.xcconfig */; };
		8792CFFE2C3D85BE002051AC /* NicknameViewController.swift in Sources */ = {isa = PBXBuildFile; fileRef = 8792CFFD2C3D85BE002051AC /* NicknameViewController.swift */; };
		8792D0112C3DA1C9002051AC /* BirthView.swift in Sources */ = {isa = PBXBuildFile; fileRef = 8792D0102C3DA1C9002051AC /* BirthView.swift */; };
		8792D0152C3E581E002051AC /* GenderViewController.swift in Sources */ = {isa = PBXBuildFile; fileRef = 8792D0142C3E581E002051AC /* GenderViewController.swift */; };
		8792D0172C3E5828002051AC /* GenderView.swift in Sources */ = {isa = PBXBuildFile; fileRef = 8792D0162C3E5828002051AC /* GenderView.swift */; };
		8792D0192C3E5E40002051AC /* UIButton+.swift in Sources */ = {isa = PBXBuildFile; fileRef = 8792D0182C3E5E40002051AC /* UIButton+.swift */; };
		8792D01E2C3E872D002051AC /* ChoosingCharacterView.swift in Sources */ = {isa = PBXBuildFile; fileRef = 8792D01D2C3E872D002051AC /* ChoosingCharacterView.swift */; };
		8792D0202C3E873C002051AC /* ChoosingCharacterViewController.swift in Sources */ = {isa = PBXBuildFile; fileRef = 8792D01F2C3E873C002051AC /* ChoosingCharacterViewController.swift */; };
		8792D0242C3F0843002051AC /* ChoosingCharacterCell.swift in Sources */ = {isa = PBXBuildFile; fileRef = 8792D0232C3F0843002051AC /* ChoosingCharacterCell.swift */; };
		87E046942C3D2B38002D12C2 /* BirthViewController.swift in Sources */ = {isa = PBXBuildFile; fileRef = 87E046932C3D2B38002D12C2 /* BirthViewController.swift */; };
		87E046982C3D5E3D002D12C2 /* NicknameView.swift in Sources */ = {isa = PBXBuildFile; fileRef = 87E046972C3D5E3D002D12C2 /* NicknameView.swift */; };
		AFD0294A332A568516A1C70E /* Pods_Offroad_iOSTests.framework in Frameworks */ = {isa = PBXBuildFile; fileRef = 1C748B13438908AFF5CFFFA4 /* Pods_Offroad_iOSTests.framework */; };
		D018BB0F2C40200C0048B6DF /* StateToggleButton.swift in Sources */ = {isa = PBXBuildFile; fileRef = D018BB0E2C40200C0048B6DF /* StateToggleButton.swift */; };
		D018BB112C4054D20048B6DF /* TitleModel.swift in Sources */ = {isa = PBXBuildFile; fileRef = D018BB102C4054D20048B6DF /* TitleModel.swift */; };
		D06D26B92C3BA91900E79F25 /* Optician-Sans.otf in Resources */ = {isa = PBXBuildFile; fileRef = D06D26B82C3BA91900E79F25 /* Optician-Sans.otf */; };
		D06D26C12C3D6A2A00E79F25 /* UILabel+.swift in Sources */ = {isa = PBXBuildFile; fileRef = D06D26C02C3D6A2A00E79F25 /* UILabel+.swift */; };
		D06D26C32C3D835300E79F25 /* HomeView.swift in Sources */ = {isa = PBXBuildFile; fileRef = D06D26C22C3D835300E79F25 /* HomeView.swift */; };
		D06D26C52C3D83AA00E79F25 /* HomeViewController.swift in Sources */ = {isa = PBXBuildFile; fileRef = D06D26C42C3D83AA00E79F25 /* HomeViewController.swift */; };
		D06D26CB2C3DAA5300E79F25 /* CustomQuestView.swift in Sources */ = {isa = PBXBuildFile; fileRef = D06D26CA2C3DAA5300E79F25 /* CustomQuestView.swift */; };
		D06D26CD2C3E6EA200E79F25 /* CustomRecentProgressView.swift in Sources */ = {isa = PBXBuildFile; fileRef = D06D26CC2C3E6EA200E79F25 /* CustomRecentProgressView.swift */; };
		D06D26CF2C3E79EC00E79F25 /* CustomAlmostDoneProgressView.swift in Sources */ = {isa = PBXBuildFile; fileRef = D06D26CE2C3E79EC00E79F25 /* CustomAlmostDoneProgressView.swift */; };
		D06D26DA2C3FE1C700E79F25 /* TitlePopupViewController.swift in Sources */ = {isa = PBXBuildFile; fileRef = D06D26D92C3FE1C700E79F25 /* TitlePopupViewController.swift */; };
		D06D26DE2C3FE21B00E79F25 /* TitlePopupView.swift in Sources */ = {isa = PBXBuildFile; fileRef = D06D26DD2C3FE21B00E79F25 /* TitlePopupView.swift */; };
		D06D26E22C400C3800E79F25 /* TitleCollectionViewCell.swift in Sources */ = {isa = PBXBuildFile; fileRef = D06D26E12C400C3800E79F25 /* TitleCollectionViewCell.swift */; };
		D0E795FC2C447511005B47A5 /* AppleAuthManager.swift in Sources */ = {isa = PBXBuildFile; fileRef = D0E795FB2C447511005B47A5 /* AppleAuthManager.swift */; };
		D0E795FF2C44FC2C005B47A5 /* UserModel.swift in Sources */ = {isa = PBXBuildFile; fileRef = D0E795FE2C44FC2C005B47A5 /* UserModel.swift */; };
		D0EAF21B2C3B026500566543 /* SplashViewController.swift in Sources */ = {isa = PBXBuildFile; fileRef = D0EAF21A2C3B026500566543 /* SplashViewController.swift */; };
		D0EAF21F2C3B02B700566543 /* SplashView.swift in Sources */ = {isa = PBXBuildFile; fileRef = D0EAF21E2C3B02B700566543 /* SplashView.swift */; };
		D0EAF2242C3B7D7100566543 /* LoginView.swift in Sources */ = {isa = PBXBuildFile; fileRef = D0EAF2232C3B7D7100566543 /* LoginView.swift */; };
		D0EAF2262C3B7D7F00566543 /* LoginViewController.swift in Sources */ = {isa = PBXBuildFile; fileRef = D0EAF2252C3B7D7F00566543 /* LoginViewController.swift */; };
/* End PBXBuildFile section */

/* Begin PBXContainerItemProxy section */
		4E0394402C2A9DCF007F0517 /* PBXContainerItemProxy */ = {
			isa = PBXContainerItemProxy;
			containerPortal = 4E0394212C2A9DCE007F0517 /* Project object */;
			proxyType = 1;
			remoteGlobalIDString = 4E0394282C2A9DCE007F0517;
			remoteInfo = "Offroad-iOS";
		};
		4E03944A2C2A9DCF007F0517 /* PBXContainerItemProxy */ = {
			isa = PBXContainerItemProxy;
			containerPortal = 4E0394212C2A9DCE007F0517 /* Project object */;
			proxyType = 1;
			remoteGlobalIDString = 4E0394282C2A9DCE007F0517;
			remoteInfo = "Offroad-iOS";
		};
/* End PBXContainerItemProxy section */

/* Begin PBXFileReference section */
		05CE10D0D2341109A6ABBFDD /* Pods-Offroad-iOS.debug.xcconfig */ = {isa = PBXFileReference; includeInIndex = 1; lastKnownFileType = text.xcconfig; name = "Pods-Offroad-iOS.debug.xcconfig"; path = "Target Support Files/Pods-Offroad-iOS/Pods-Offroad-iOS.debug.xcconfig"; sourceTree = "<group>"; };
		197CEEAC334A0A510C4EBC1E /* Pods_Offroad_iOS.framework */ = {isa = PBXFileReference; explicitFileType = wrapper.framework; includeInIndex = 0; path = Pods_Offroad_iOS.framework; sourceTree = BUILT_PRODUCTS_DIR; };
		1C748B13438908AFF5CFFFA4 /* Pods_Offroad_iOSTests.framework */ = {isa = PBXFileReference; explicitFileType = wrapper.framework; includeInIndex = 0; path = Pods_Offroad_iOSTests.framework; sourceTree = BUILT_PRODUCTS_DIR; };
		45DB654998D44C9EAF078157 /* Pods-Offroad-iOSTests.release.xcconfig */ = {isa = PBXFileReference; includeInIndex = 1; lastKnownFileType = text.xcconfig; name = "Pods-Offroad-iOSTests.release.xcconfig"; path = "Target Support Files/Pods-Offroad-iOSTests/Pods-Offroad-iOSTests.release.xcconfig"; sourceTree = "<group>"; };
		497C4997173AB862AD666B6A /* Pods-Offroad-iOS-Offroad-iOSUITests.debug.xcconfig */ = {isa = PBXFileReference; includeInIndex = 1; lastKnownFileType = text.xcconfig; name = "Pods-Offroad-iOS-Offroad-iOSUITests.debug.xcconfig"; path = "Target Support Files/Pods-Offroad-iOS-Offroad-iOSUITests/Pods-Offroad-iOS-Offroad-iOSUITests.debug.xcconfig"; sourceTree = "<group>"; };
		4E0394292C2A9DCE007F0517 /* Offroad-iOS.app */ = {isa = PBXFileReference; explicitFileType = wrapper.application; includeInIndex = 0; path = "Offroad-iOS.app"; sourceTree = BUILT_PRODUCTS_DIR; };
		4E03942C2C2A9DCE007F0517 /* AppDelegate.swift */ = {isa = PBXFileReference; lastKnownFileType = sourcecode.swift; path = AppDelegate.swift; sourceTree = "<group>"; };
		4E03942E2C2A9DCE007F0517 /* SceneDelegate.swift */ = {isa = PBXFileReference; lastKnownFileType = sourcecode.swift; path = SceneDelegate.swift; sourceTree = "<group>"; };
		4E0394302C2A9DCE007F0517 /* ViewController.swift */ = {isa = PBXFileReference; lastKnownFileType = sourcecode.swift; path = ViewController.swift; sourceTree = "<group>"; };
		4E0394352C2A9DCF007F0517 /* Assets.xcassets */ = {isa = PBXFileReference; lastKnownFileType = folder.assetcatalog; path = Assets.xcassets; sourceTree = "<group>"; };
		4E0394382C2A9DCF007F0517 /* Base */ = {isa = PBXFileReference; lastKnownFileType = file.storyboard; name = Base; path = Base.lproj/LaunchScreen.storyboard; sourceTree = "<group>"; };
		4E03943A2C2A9DCF007F0517 /* Info.plist */ = {isa = PBXFileReference; lastKnownFileType = text.plist.xml; path = Info.plist; sourceTree = "<group>"; };
		4E03943F2C2A9DCF007F0517 /* Offroad-iOSTests.xctest */ = {isa = PBXFileReference; explicitFileType = wrapper.cfbundle; includeInIndex = 0; path = "Offroad-iOSTests.xctest"; sourceTree = BUILT_PRODUCTS_DIR; };
		4E0394432C2A9DCF007F0517 /* Offroad_iOSTests.swift */ = {isa = PBXFileReference; lastKnownFileType = sourcecode.swift; path = Offroad_iOSTests.swift; sourceTree = "<group>"; };
		4E0394492C2A9DCF007F0517 /* Offroad-iOSUITests.xctest */ = {isa = PBXFileReference; explicitFileType = wrapper.cfbundle; includeInIndex = 0; path = "Offroad-iOSUITests.xctest"; sourceTree = BUILT_PRODUCTS_DIR; };
		4E03944D2C2A9DCF007F0517 /* Offroad_iOSUITests.swift */ = {isa = PBXFileReference; lastKnownFileType = sourcecode.swift; path = Offroad_iOSUITests.swift; sourceTree = "<group>"; };
		4E03944F2C2A9DCF007F0517 /* Offroad_iOSUITestsLaunchTests.swift */ = {isa = PBXFileReference; lastKnownFileType = sourcecode.swift; path = Offroad_iOSUITestsLaunchTests.swift; sourceTree = "<group>"; };
		4E0394D82C2ABCCC007F0517 /* UIView+.swift */ = {isa = PBXFileReference; lastKnownFileType = sourcecode.swift; path = "UIView+.swift"; sourceTree = "<group>"; };
		4E0394DA2C2ABE9D007F0517 /* UIStackView+.swift */ = {isa = PBXFileReference; lastKnownFileType = sourcecode.swift; path = "UIStackView+.swift"; sourceTree = "<group>"; };
		4E0394DC2C2ABEF2007F0517 /* UITextField+.swift */ = {isa = PBXFileReference; lastKnownFileType = sourcecode.swift; path = "UITextField+.swift"; sourceTree = "<group>"; };
		4E0394E02C2AC059007F0517 /* NSObject+.swift */ = {isa = PBXFileReference; lastKnownFileType = sourcecode.swift; path = "NSObject+.swift"; sourceTree = "<group>"; };
		4E0394E22C2AC0D7007F0517 /* UIWindow+.swift */ = {isa = PBXFileReference; lastKnownFileType = sourcecode.swift; path = "UIWindow+.swift"; sourceTree = "<group>"; };
		4E0394E52C2AC16A007F0517 /* UIScreen+.swift */ = {isa = PBXFileReference; lastKnownFileType = sourcecode.swift; path = "UIScreen+.swift"; sourceTree = "<group>"; };
		4E1E94102C39870700A7B08A /* ColorLiterals.swift */ = {isa = PBXFileReference; lastKnownFileType = sourcecode.swift; path = ColorLiterals.swift; sourceTree = "<group>"; };
		4E1E94122C398C4200A7B08A /* String+.swift */ = {isa = PBXFileReference; lastKnownFileType = sourcecode.swift; path = "String+.swift"; sourceTree = "<group>"; };
		4E1E94162C3AC27000A7B08A /* QuestMapViewController.swift */ = {isa = PBXFileReference; lastKnownFileType = sourcecode.swift; path = QuestMapViewController.swift; sourceTree = "<group>"; };
		4E1E94182C3AC27C00A7B08A /* QuestMapView.swift */ = {isa = PBXFileReference; lastKnownFileType = sourcecode.swift; path = QuestMapView.swift; sourceTree = "<group>"; };
		4E1E941A2C3AC37600A7B08A /* QuestMapNavigationController.swift */ = {isa = PBXFileReference; lastKnownFileType = sourcecode.swift; path = QuestMapNavigationController.swift; sourceTree = "<group>"; };
		4E3F009D2C40D20800B9A31A /* OffroadTabBarController.swift */ = {isa = PBXFileReference; lastKnownFileType = sourcecode.swift; path = OffroadTabBarController.swift; sourceTree = "<group>"; };
		4E9252F45B6891FFCE593629 /* Pods-Offroad-iOSTests.debug.xcconfig */ = {isa = PBXFileReference; includeInIndex = 1; lastKnownFileType = text.xcconfig; name = "Pods-Offroad-iOSTests.debug.xcconfig"; path = "Target Support Files/Pods-Offroad-iOSTests/Pods-Offroad-iOSTests.debug.xcconfig"; sourceTree = "<group>"; };
		4E9DACDF2C3FF7290088A376 /* QuestNavigationBar.swift */ = {isa = PBXFileReference; lastKnownFileType = sourcecode.swift; path = QuestNavigationBar.swift; sourceTree = "<group>"; };
		4EBE34912C3FC73C006DB244 /* QuestQRViewController.swift */ = {isa = PBXFileReference; lastKnownFileType = sourcecode.swift; path = QuestQRViewController.swift; sourceTree = "<group>"; };
		4EBE34932C3FC749006DB244 /* QuestQRView.swift */ = {isa = PBXFileReference; lastKnownFileType = sourcecode.swift; path = QuestQRView.swift; sourceTree = "<group>"; };
		4EDC3D382C31271E006A1493 /* Pretendard-Bold.otf */ = {isa = PBXFileReference; lastKnownFileType = file; path = "Pretendard-Bold.otf"; sourceTree = "<group>"; };
		4EDC3D392C31271E006A1493 /* Pretendard-Light.otf */ = {isa = PBXFileReference; lastKnownFileType = file; path = "Pretendard-Light.otf"; sourceTree = "<group>"; };
		4EDC3D3A2C31271E006A1493 /* Pretendard-Regular.otf */ = {isa = PBXFileReference; lastKnownFileType = file; path = "Pretendard-Regular.otf"; sourceTree = "<group>"; };
		4EDC3D3B2C31271E006A1493 /* Pretendard-ExtraBold.otf */ = {isa = PBXFileReference; lastKnownFileType = file; path = "Pretendard-ExtraBold.otf"; sourceTree = "<group>"; };
		4EDC3D3C2C31271F006A1493 /* Pretendard-Black.otf */ = {isa = PBXFileReference; lastKnownFileType = file; path = "Pretendard-Black.otf"; sourceTree = "<group>"; };
		4EDC3D3D2C31271F006A1493 /* Pretendard-Medium.otf */ = {isa = PBXFileReference; lastKnownFileType = file; path = "Pretendard-Medium.otf"; sourceTree = "<group>"; };
		4EDC3D3E2C31271F006A1493 /* Pretendard-Thin.otf */ = {isa = PBXFileReference; lastKnownFileType = file; path = "Pretendard-Thin.otf"; sourceTree = "<group>"; };
		4EDC3D3F2C31271F006A1493 /* Pretendard-SemiBold.otf */ = {isa = PBXFileReference; lastKnownFileType = file; path = "Pretendard-SemiBold.otf"; sourceTree = "<group>"; };
		4EDC3D402C31271F006A1493 /* Pretendard-ExtraLight.otf */ = {isa = PBXFileReference; lastKnownFileType = file; path = "Pretendard-ExtraLight.otf"; sourceTree = "<group>"; };
		4EDC3D4A2C312850006A1493 /* FontLiterals.swift */ = {isa = PBXFileReference; lastKnownFileType = sourcecode.swift; path = FontLiterals.swift; sourceTree = "<group>"; };
		4EEC2FA72C41216700007353 /* OffroadTabBarViewController.swift */ = {isa = PBXFileReference; lastKnownFileType = sourcecode.swift; path = OffroadTabBarViewController.swift; sourceTree = "<group>"; };
		4EFA808A2C3E79E800876D05 /* QuestMapListButton.swift */ = {isa = PBXFileReference; lastKnownFileType = sourcecode.swift; path = QuestMapListButton.swift; sourceTree = "<group>"; };
		78F0993563C495E017073FC7 /* Pods-Offroad-iOS.release.xcconfig */ = {isa = PBXFileReference; includeInIndex = 1; lastKnownFileType = text.xcconfig; name = "Pods-Offroad-iOS.release.xcconfig"; path = "Target Support Files/Pods-Offroad-iOS/Pods-Offroad-iOS.release.xcconfig"; sourceTree = "<group>"; };
		871CF58B2C44F814001026AA /* CompleteChoosingCharacterViewController.swift */ = {isa = PBXFileReference; lastKnownFileType = sourcecode.swift; path = CompleteChoosingCharacterViewController.swift; sourceTree = "<group>"; };
		871CF58D2C44F833001026AA /* CompleteChoosingCharacterView.swift */ = {isa = PBXFileReference; lastKnownFileType = sourcecode.swift; path = CompleteChoosingCharacterView.swift; sourceTree = "<group>"; };
		8792CFFB2C3D823F002051AC /* Secrets.xcconfig */ = {isa = PBXFileReference; fileEncoding = 4; lastKnownFileType = text.xcconfig; path = Secrets.xcconfig; sourceTree = "<group>"; };
		8792CFFD2C3D85BE002051AC /* NicknameViewController.swift */ = {isa = PBXFileReference; fileEncoding = 4; lastKnownFileType = sourcecode.swift; path = NicknameViewController.swift; sourceTree = "<group>"; };
		8792D0102C3DA1C9002051AC /* BirthView.swift */ = {isa = PBXFileReference; fileEncoding = 4; lastKnownFileType = sourcecode.swift; path = BirthView.swift; sourceTree = "<group>"; };
		8792D0142C3E581E002051AC /* GenderViewController.swift */ = {isa = PBXFileReference; lastKnownFileType = sourcecode.swift; path = GenderViewController.swift; sourceTree = "<group>"; };
		8792D0162C3E5828002051AC /* GenderView.swift */ = {isa = PBXFileReference; lastKnownFileType = sourcecode.swift; path = GenderView.swift; sourceTree = "<group>"; };
		8792D0182C3E5E40002051AC /* UIButton+.swift */ = {isa = PBXFileReference; lastKnownFileType = sourcecode.swift; path = "UIButton+.swift"; sourceTree = "<group>"; };
		8792D01D2C3E872D002051AC /* ChoosingCharacterView.swift */ = {isa = PBXFileReference; lastKnownFileType = sourcecode.swift; path = ChoosingCharacterView.swift; sourceTree = "<group>"; };
		8792D01F2C3E873C002051AC /* ChoosingCharacterViewController.swift */ = {isa = PBXFileReference; lastKnownFileType = sourcecode.swift; path = ChoosingCharacterViewController.swift; sourceTree = "<group>"; };
		8792D0232C3F0843002051AC /* ChoosingCharacterCell.swift */ = {isa = PBXFileReference; lastKnownFileType = sourcecode.swift; path = ChoosingCharacterCell.swift; sourceTree = "<group>"; };
		87E046932C3D2B38002D12C2 /* BirthViewController.swift */ = {isa = PBXFileReference; lastKnownFileType = sourcecode.swift; path = BirthViewController.swift; sourceTree = "<group>"; };
		87E046972C3D5E3D002D12C2 /* NicknameView.swift */ = {isa = PBXFileReference; lastKnownFileType = sourcecode.swift; path = NicknameView.swift; sourceTree = "<group>"; };
		C9C00FCF31F1DF74855DC482 /* Pods_Offroad_iOS_Offroad_iOSUITests.framework */ = {isa = PBXFileReference; explicitFileType = wrapper.framework; includeInIndex = 0; path = Pods_Offroad_iOS_Offroad_iOSUITests.framework; sourceTree = BUILT_PRODUCTS_DIR; };
		D018BB0E2C40200C0048B6DF /* StateToggleButton.swift */ = {isa = PBXFileReference; lastKnownFileType = sourcecode.swift; path = StateToggleButton.swift; sourceTree = "<group>"; };
		D018BB102C4054D20048B6DF /* TitleModel.swift */ = {isa = PBXFileReference; lastKnownFileType = sourcecode.swift; path = TitleModel.swift; sourceTree = "<group>"; };
		D018BB1B2C43E4740048B6DF /* Offroad-iOS.entitlements */ = {isa = PBXFileReference; lastKnownFileType = text.plist.entitlements; path = "Offroad-iOS.entitlements"; sourceTree = "<group>"; };
		D06D26B82C3BA91900E79F25 /* Optician-Sans.otf */ = {isa = PBXFileReference; lastKnownFileType = file; path = "Optician-Sans.otf"; sourceTree = "<group>"; };
		D06D26C02C3D6A2A00E79F25 /* UILabel+.swift */ = {isa = PBXFileReference; lastKnownFileType = sourcecode.swift; path = "UILabel+.swift"; sourceTree = "<group>"; };
		D06D26C22C3D835300E79F25 /* HomeView.swift */ = {isa = PBXFileReference; fileEncoding = 4; lastKnownFileType = sourcecode.swift; path = HomeView.swift; sourceTree = "<group>"; };
		D06D26C42C3D83AA00E79F25 /* HomeViewController.swift */ = {isa = PBXFileReference; fileEncoding = 4; lastKnownFileType = sourcecode.swift; path = HomeViewController.swift; sourceTree = "<group>"; };
		D06D26CA2C3DAA5300E79F25 /* CustomQuestView.swift */ = {isa = PBXFileReference; lastKnownFileType = sourcecode.swift; path = CustomQuestView.swift; sourceTree = "<group>"; };
		D06D26CC2C3E6EA200E79F25 /* CustomRecentProgressView.swift */ = {isa = PBXFileReference; lastKnownFileType = sourcecode.swift; path = CustomRecentProgressView.swift; sourceTree = "<group>"; };
		D06D26CE2C3E79EC00E79F25 /* CustomAlmostDoneProgressView.swift */ = {isa = PBXFileReference; lastKnownFileType = sourcecode.swift; path = CustomAlmostDoneProgressView.swift; sourceTree = "<group>"; };
		D06D26D92C3FE1C700E79F25 /* TitlePopupViewController.swift */ = {isa = PBXFileReference; lastKnownFileType = sourcecode.swift; path = TitlePopupViewController.swift; sourceTree = "<group>"; };
		D06D26DD2C3FE21B00E79F25 /* TitlePopupView.swift */ = {isa = PBXFileReference; lastKnownFileType = sourcecode.swift; path = TitlePopupView.swift; sourceTree = "<group>"; };
		D06D26E12C400C3800E79F25 /* TitleCollectionViewCell.swift */ = {isa = PBXFileReference; lastKnownFileType = sourcecode.swift; path = TitleCollectionViewCell.swift; sourceTree = "<group>"; };
		D0E795FB2C447511005B47A5 /* AppleAuthManager.swift */ = {isa = PBXFileReference; lastKnownFileType = sourcecode.swift; path = AppleAuthManager.swift; sourceTree = "<group>"; };
		D0E795FE2C44FC2C005B47A5 /* UserModel.swift */ = {isa = PBXFileReference; lastKnownFileType = sourcecode.swift; path = UserModel.swift; sourceTree = "<group>"; };
		D0EAF21A2C3B026500566543 /* SplashViewController.swift */ = {isa = PBXFileReference; lastKnownFileType = sourcecode.swift; path = SplashViewController.swift; sourceTree = "<group>"; };
		D0EAF21E2C3B02B700566543 /* SplashView.swift */ = {isa = PBXFileReference; lastKnownFileType = sourcecode.swift; path = SplashView.swift; sourceTree = "<group>"; };
		D0EAF2232C3B7D7100566543 /* LoginView.swift */ = {isa = PBXFileReference; lastKnownFileType = sourcecode.swift; path = LoginView.swift; sourceTree = "<group>"; };
		D0EAF2252C3B7D7F00566543 /* LoginViewController.swift */ = {isa = PBXFileReference; lastKnownFileType = sourcecode.swift; path = LoginViewController.swift; sourceTree = "<group>"; };
		EF1C3B3A63494D74D0E4AA40 /* Pods-Offroad-iOS-Offroad-iOSUITests.release.xcconfig */ = {isa = PBXFileReference; includeInIndex = 1; lastKnownFileType = text.xcconfig; name = "Pods-Offroad-iOS-Offroad-iOSUITests.release.xcconfig"; path = "Target Support Files/Pods-Offroad-iOS-Offroad-iOSUITests/Pods-Offroad-iOS-Offroad-iOSUITests.release.xcconfig"; sourceTree = "<group>"; };
/* End PBXFileReference section */

/* Begin PBXFrameworksBuildPhase section */
		4E0394262C2A9DCE007F0517 /* Frameworks */ = {
			isa = PBXFrameworksBuildPhase;
			buildActionMask = 2147483647;
			files = (
				4E0394CE2C2AB762007F0517 /* Kingfisher in Frameworks */,
				4E0394CB2C2AB750007F0517 /* Moya in Frameworks */,
				4E0394D52C2AB846007F0517 /* KakaoSDKUser in Frameworks */,
				4E6A5BC32C2E8C290027FDF0 /* Then in Frameworks */,
				4E0394C82C2AB723007F0517 /* SnapKit in Frameworks */,
				4E0394D32C2AB846007F0517 /* KakaoSDKCommon in Frameworks */,
				4E0394D12C2AB846007F0517 /* KakaoSDKAuth in Frameworks */,
				4E8B478F2C382A4800D9B8EE /* Lottie in Frameworks */,
				304C93D171B33D99789DA86D /* Pods_Offroad_iOS.framework in Frameworks */,
			);
			runOnlyForDeploymentPostprocessing = 0;
		};
		4E03943C2C2A9DCF007F0517 /* Frameworks */ = {
			isa = PBXFrameworksBuildPhase;
			buildActionMask = 2147483647;
			files = (
				AFD0294A332A568516A1C70E /* Pods_Offroad_iOSTests.framework in Frameworks */,
			);
			runOnlyForDeploymentPostprocessing = 0;
		};
		4E0394462C2A9DCF007F0517 /* Frameworks */ = {
			isa = PBXFrameworksBuildPhase;
			buildActionMask = 2147483647;
			files = (
				0D1E0BE2D4D86885FF80F04F /* Pods_Offroad_iOS_Offroad_iOSUITests.framework in Frameworks */,
			);
			runOnlyForDeploymentPostprocessing = 0;
		};
/* End PBXFrameworksBuildPhase section */

/* Begin PBXGroup section */
		4E0394202C2A9DCE007F0517 = {
			isa = PBXGroup;
			children = (
				8792CFFB2C3D823F002051AC /* Secrets.xcconfig */,
				4E03942B2C2A9DCE007F0517 /* Offroad-iOS */,
				4E0394422C2A9DCF007F0517 /* Offroad-iOSTests */,
				4E03944C2C2A9DCF007F0517 /* Offroad-iOSUITests */,
				4E03942A2C2A9DCE007F0517 /* Products */,
				80700C167D3310A86AF0ADA5 /* Pods */,
				AA822572E372D5FE101F7990 /* Frameworks */,
			);
			sourceTree = "<group>";
		};
		4E03942A2C2A9DCE007F0517 /* Products */ = {
			isa = PBXGroup;
			children = (
				4E0394292C2A9DCE007F0517 /* Offroad-iOS.app */,
				4E03943F2C2A9DCF007F0517 /* Offroad-iOSTests.xctest */,
				4E0394492C2A9DCF007F0517 /* Offroad-iOSUITests.xctest */,
			);
			name = Products;
			sourceTree = "<group>";
		};
		4E03942B2C2A9DCE007F0517 /* Offroad-iOS */ = {
			isa = PBXGroup;
			children = (
				D018BB1B2C43E4740048B6DF /* Offroad-iOS.entitlements */,
				4E03945E2C2AA096007F0517 /* Application */,
				4E0394602C2AA0C1007F0517 /* Global */,
				4E0394662C2AA0F9007F0517 /* Network */,
				4E03946A2C2AA14D007F0517 /* Presentation */,
			);
			path = "Offroad-iOS";
			sourceTree = "<group>";
		};
		4E0394422C2A9DCF007F0517 /* Offroad-iOSTests */ = {
			isa = PBXGroup;
			children = (
				4E0394432C2A9DCF007F0517 /* Offroad_iOSTests.swift */,
			);
			path = "Offroad-iOSTests";
			sourceTree = "<group>";
		};
		4E03944C2C2A9DCF007F0517 /* Offroad-iOSUITests */ = {
			isa = PBXGroup;
			children = (
				4E03944D2C2A9DCF007F0517 /* Offroad_iOSUITests.swift */,
				4E03944F2C2A9DCF007F0517 /* Offroad_iOSUITestsLaunchTests.swift */,
			);
			path = "Offroad-iOSUITests";
			sourceTree = "<group>";
		};
		4E03945E2C2AA096007F0517 /* Application */ = {
			isa = PBXGroup;
			children = (
				4E03942C2C2A9DCE007F0517 /* AppDelegate.swift */,
				4E03942E2C2A9DCE007F0517 /* SceneDelegate.swift */,
			);
			path = Application;
			sourceTree = "<group>";
		};
		4E0394602C2AA0C1007F0517 /* Global */ = {
			isa = PBXGroup;
			children = (
				D018BB0C2C401F5F0048B6DF /* Components */,
				4E0394612C2AA0C5007F0517 /* Extensions */,
				4E0394652C2AA0E7007F0517 /* Literals */,
				4E0394642C2AA0E4007F0517 /* Protocols */,
				4E0394632C2AA0DE007F0517 /* Resources */,
				4E0394D62C2ABAA9007F0517 /* SupportingFiles */,
			);
			path = Global;
			sourceTree = "<group>";
		};
		4E0394612C2AA0C5007F0517 /* Extensions */ = {
			isa = PBXGroup;
			children = (
				4E0394D82C2ABCCC007F0517 /* UIView+.swift */,
				4E0394DA2C2ABE9D007F0517 /* UIStackView+.swift */,
				4E0394DC2C2ABEF2007F0517 /* UITextField+.swift */,
				4E0394E02C2AC059007F0517 /* NSObject+.swift */,
				4E0394E22C2AC0D7007F0517 /* UIWindow+.swift */,
				4E0394E52C2AC16A007F0517 /* UIScreen+.swift */,
				4E1E94122C398C4200A7B08A /* String+.swift */,
				D06D26C02C3D6A2A00E79F25 /* UILabel+.swift */,
				8792D0182C3E5E40002051AC /* UIButton+.swift */,
			);
			path = Extensions;
			sourceTree = "<group>";
		};
		4E0394632C2AA0DE007F0517 /* Resources */ = {
			isa = PBXGroup;
			children = (
				4EDC3D372C3126FC006A1493 /* Fonts */,
				4E0394352C2A9DCF007F0517 /* Assets.xcassets */,
				871CF5882C44598B001026AA /* New Group */,
				4E03943A2C2A9DCF007F0517 /* Info.plist */,
			);
			path = Resources;
			sourceTree = "<group>";
		};
		4E0394642C2AA0E4007F0517 /* Protocols */ = {
			isa = PBXGroup;
			children = (
			);
			path = Protocols;
			sourceTree = "<group>";
		};
		4E0394652C2AA0E7007F0517 /* Literals */ = {
			isa = PBXGroup;
			children = (
				4EDC3D4A2C312850006A1493 /* FontLiterals.swift */,
				4E1E94102C39870700A7B08A /* ColorLiterals.swift */,
			);
			path = Literals;
			sourceTree = "<group>";
		};
		4E0394662C2AA0F9007F0517 /* Network */ = {
			isa = PBXGroup;
			children = (
				4E0394672C2AA132007F0517 /* Base */,
				4E0394682C2AA135007F0517 /* DataModel */,
				4E0394692C2AA13A007F0517 /* Service */,
			);
			path = Network;
			sourceTree = "<group>";
		};
		4E0394672C2AA132007F0517 /* Base */ = {
			isa = PBXGroup;
			children = (
			);
			path = Base;
			sourceTree = "<group>";
		};
		4E0394682C2AA135007F0517 /* DataModel */ = {
			isa = PBXGroup;
			children = (
			);
			path = DataModel;
			sourceTree = "<group>";
		};
		4E0394692C2AA13A007F0517 /* Service */ = {
			isa = PBXGroup;
			children = (
			);
			path = Service;
			sourceTree = "<group>";
		};
		4E03946A2C2AA14D007F0517 /* Presentation */ = {
			isa = PBXGroup;
			children = (
				4E3F00992C40D1C000B9A31A /* TabBar */,
				4E0394C12C2AB3B2007F0517 /* Login */,
				4E03946B2C2AA15C007F0517 /* Common */,
				4E03946D2C2AA5E8007F0517 /* Splash */,
				87E0468E2C3CE6D5002D12C2 /* Nickname */,
				4E0394842C2AA9DB007F0517 /* Character */,
				4E0394722C2AA6C5007F0517 /* Home */,
				4E0394732C2AA6DB007F0517 /* QuestMap */,
				4E0394742C2AA70C007F0517 /* QuestQR */,
				4E0394752C2AA711007F0517 /* QuestList */,
				4E0394762C2AA721007F0517 /* PlaceList */,
				4E0394772C2AA72C007F0517 /* MyPage */,
				4E0394302C2A9DCE007F0517 /* ViewController.swift */,
			);
			path = Presentation;
			sourceTree = "<group>";
		};
		4E03946B2C2AA15C007F0517 /* Common */ = {
			isa = PBXGroup;
			children = (
				4E03946C2C2AA4CE007F0517 /* UIComponents */,
			);
			path = Common;
			sourceTree = "<group>";
		};
		4E03946C2C2AA4CE007F0517 /* UIComponents */ = {
			isa = PBXGroup;
			children = (
			);
			path = UIComponents;
			sourceTree = "<group>";
		};
		4E03946D2C2AA5E8007F0517 /* Splash */ = {
			isa = PBXGroup;
			children = (
				D0EAF21D2C3B02AA00566543 /* View */,
				D0EAF21C2C3B029D00566543 /* ViewController */,
			);
			path = Splash;
			sourceTree = "<group>";
		};
		4E0394702C2AA655007F0517 /* ChoosingCharacter */ = {
			isa = PBXGroup;
			children = (
				8792D01B2C3E8706002051AC /* View */,
				8792D01C2C3E870E002051AC /* ViewController */,
			);
			path = ChoosingCharacter;
			sourceTree = "<group>";
		};
		4E0394712C2AA691007F0517 /* CompleteChoosingCharacter */ = {
			isa = PBXGroup;
			children = (
				871CF58A2C44F7B0001026AA /* ViewController */,
				871CF5892C44F7A6001026AA /* View */,
			);
			path = CompleteChoosingCharacter;
			sourceTree = "<group>";
		};
		4E0394722C2AA6C5007F0517 /* Home */ = {
			isa = PBXGroup;
			children = (
				D06D26C92C3DAA3200E79F25 /* Component */,
				D06D26BB2C3D643400E79F25 /* View */,
				D06D26BA2C3D642D00E79F25 /* ViewController */,
				D06D26D42C3FE12800E79F25 /* TitlePopup */,
			);
			path = Home;
			sourceTree = "<group>";
		};
		4E0394732C2AA6DB007F0517 /* QuestMap */ = {
			isa = PBXGroup;
			children = (
				4EFA80892C3E79B800876D05 /* UIComponents */,
				4E1E94152C3AC25500A7B08A /* Views */,
				4E1E94142C3AC25000A7B08A /* ViewControllers */,
			);
			path = QuestMap;
			sourceTree = "<group>";
		};
		4E0394742C2AA70C007F0517 /* QuestQR */ = {
			isa = PBXGroup;
			children = (
				4EBE34902C3FC725006DB244 /* Views */,
				4EBE348F2C3FC71E006DB244 /* ViewControllers */,
			);
			path = QuestQR;
			sourceTree = "<group>";
		};
		4E0394752C2AA711007F0517 /* QuestList */ = {
			isa = PBXGroup;
			children = (
			);
			path = QuestList;
			sourceTree = "<group>";
		};
		4E0394762C2AA721007F0517 /* PlaceList */ = {
			isa = PBXGroup;
			children = (
			);
			path = PlaceList;
			sourceTree = "<group>";
		};
		4E0394772C2AA72C007F0517 /* MyPage */ = {
			isa = PBXGroup;
			children = (
				4E0394782C2AA767007F0517 /* Character */,
				4E0394792C2AA783007F0517 /* Coupon */,
				4E03947A2C2AA78B007F0517 /* Title */,
				4E03947B2C2AA7EF007F0517 /* Settings */,
			);
			path = MyPage;
			sourceTree = "<group>";
		};
		4E0394782C2AA767007F0517 /* Character */ = {
			isa = PBXGroup;
			children = (
			);
			path = Character;
			sourceTree = "<group>";
		};
		4E0394792C2AA783007F0517 /* Coupon */ = {
			isa = PBXGroup;
			children = (
			);
			path = Coupon;
			sourceTree = "<group>";
		};
		4E03947A2C2AA78B007F0517 /* Title */ = {
			isa = PBXGroup;
			children = (
			);
			path = Title;
			sourceTree = "<group>";
		};
		4E03947B2C2AA7EF007F0517 /* Settings */ = {
			isa = PBXGroup;
			children = (
				4E0394822C2AA983007F0517 /* DeleteAccount */,
				4E0394812C2AA969007F0517 /* LogOut */,
				4E0394802C2AA936007F0517 /* MarketingConsent */,
				4E03947F2C2AA913007F0517 /* PrivacyPolicy */,
				4E03947E2C2AA855007F0517 /* TermsOfService */,
				4E03947D2C2AA850007F0517 /* PlayGuide */,
				4E03947C2C2AA842007F0517 /* NotificationsList */,
			);
			path = Settings;
			sourceTree = "<group>";
		};
		4E03947C2C2AA842007F0517 /* NotificationsList */ = {
			isa = PBXGroup;
			children = (
				4E0394832C2AA99C007F0517 /* Notification */,
			);
			path = NotificationsList;
			sourceTree = "<group>";
		};
		4E03947D2C2AA850007F0517 /* PlayGuide */ = {
			isa = PBXGroup;
			children = (
			);
			path = PlayGuide;
			sourceTree = "<group>";
		};
		4E03947E2C2AA855007F0517 /* TermsOfService */ = {
			isa = PBXGroup;
			children = (
			);
			path = TermsOfService;
			sourceTree = "<group>";
		};
		4E03947F2C2AA913007F0517 /* PrivacyPolicy */ = {
			isa = PBXGroup;
			children = (
			);
			path = PrivacyPolicy;
			sourceTree = "<group>";
		};
		4E0394802C2AA936007F0517 /* MarketingConsent */ = {
			isa = PBXGroup;
			children = (
			);
			path = MarketingConsent;
			sourceTree = "<group>";
		};
		4E0394812C2AA969007F0517 /* LogOut */ = {
			isa = PBXGroup;
			children = (
			);
			path = LogOut;
			sourceTree = "<group>";
		};
		4E0394822C2AA983007F0517 /* DeleteAccount */ = {
			isa = PBXGroup;
			children = (
			);
			path = DeleteAccount;
			sourceTree = "<group>";
		};
		4E0394832C2AA99C007F0517 /* Notification */ = {
			isa = PBXGroup;
			children = (
			);
			path = Notification;
			sourceTree = "<group>";
		};
		4E0394842C2AA9DB007F0517 /* Character */ = {
			isa = PBXGroup;
			children = (
				4E0394702C2AA655007F0517 /* ChoosingCharacter */,
				4E0394712C2AA691007F0517 /* CompleteChoosingCharacter */,
			);
			path = Character;
			sourceTree = "<group>";
		};
		4E0394C12C2AB3B2007F0517 /* Login */ = {
			isa = PBXGroup;
			children = (
				D0E795FA2C4474F6005B47A5 /* AuthManager */,
				D0E795FD2C44FB3F005B47A5 /* Model */,
				D0EAF2222C3B7D4E00566543 /* View */,
				D0EAF2212C3B7D4600566543 /* ViewController */,
			);
			path = Login;
			sourceTree = "<group>";
		};
		4E0394D62C2ABAA9007F0517 /* SupportingFiles */ = {
			isa = PBXGroup;
			children = (
				4E0394372C2A9DCF007F0517 /* LaunchScreen.storyboard */,
			);
			path = SupportingFiles;
			sourceTree = "<group>";
		};
		4E1E94142C3AC25000A7B08A /* ViewControllers */ = {
			isa = PBXGroup;
			children = (
				4E1E94162C3AC27000A7B08A /* QuestMapViewController.swift */,
				4E1E941A2C3AC37600A7B08A /* QuestMapNavigationController.swift */,
			);
			path = ViewControllers;
			sourceTree = "<group>";
		};
		4E1E94152C3AC25500A7B08A /* Views */ = {
			isa = PBXGroup;
			children = (
				4E1E94182C3AC27C00A7B08A /* QuestMapView.swift */,
				4E9DACDF2C3FF7290088A376 /* QuestNavigationBar.swift */,
			);
			path = Views;
			sourceTree = "<group>";
		};
		4E3F00992C40D1C000B9A31A /* TabBar */ = {
			isa = PBXGroup;
			children = (
				4E3F009C2C40D1E100B9A31A /* Views */,
				4E3F009B2C40D1DC00B9A31A /* ViewControllers */,
			);
			path = TabBar;
			sourceTree = "<group>";
		};
		4E3F009B2C40D1DC00B9A31A /* ViewControllers */ = {
			isa = PBXGroup;
			children = (
				4E3F009D2C40D20800B9A31A /* OffroadTabBarController.swift */,
				4EEC2FA72C41216700007353 /* OffroadTabBarViewController.swift */,
			);
			path = ViewControllers;
			sourceTree = "<group>";
		};
		4E3F009C2C40D1E100B9A31A /* Views */ = {
			isa = PBXGroup;
			children = (
			);
			path = Views;
			sourceTree = "<group>";
		};
		4EBE348F2C3FC71E006DB244 /* ViewControllers */ = {
			isa = PBXGroup;
			children = (
				4EBE34912C3FC73C006DB244 /* QuestQRViewController.swift */,
			);
			path = ViewControllers;
			sourceTree = "<group>";
		};
		4EBE34902C3FC725006DB244 /* Views */ = {
			isa = PBXGroup;
			children = (
				4EBE34932C3FC749006DB244 /* QuestQRView.swift */,
			);
			path = Views;
			sourceTree = "<group>";
		};
		4EDC3D372C3126FC006A1493 /* Fonts */ = {
			isa = PBXGroup;
			children = (
				D06D26B82C3BA91900E79F25 /* Optician-Sans.otf */,
				4EDC3D3C2C31271F006A1493 /* Pretendard-Black.otf */,
				4EDC3D3B2C31271E006A1493 /* Pretendard-ExtraBold.otf */,
				4EDC3D382C31271E006A1493 /* Pretendard-Bold.otf */,
				4EDC3D3F2C31271F006A1493 /* Pretendard-SemiBold.otf */,
				4EDC3D3D2C31271F006A1493 /* Pretendard-Medium.otf */,
				4EDC3D3A2C31271E006A1493 /* Pretendard-Regular.otf */,
				4EDC3D392C31271E006A1493 /* Pretendard-Light.otf */,
				4EDC3D402C31271F006A1493 /* Pretendard-ExtraLight.otf */,
				4EDC3D3E2C31271F006A1493 /* Pretendard-Thin.otf */,
			);
			path = Fonts;
			sourceTree = "<group>";
		};
		4EFA80892C3E79B800876D05 /* UIComponents */ = {
			isa = PBXGroup;
			children = (
				4EFA808A2C3E79E800876D05 /* QuestMapListButton.swift */,
			);
			path = UIComponents;
			sourceTree = "<group>";
		};
		80700C167D3310A86AF0ADA5 /* Pods */ = {
			isa = PBXGroup;
			children = (
				05CE10D0D2341109A6ABBFDD /* Pods-Offroad-iOS.debug.xcconfig */,
				78F0993563C495E017073FC7 /* Pods-Offroad-iOS.release.xcconfig */,
				497C4997173AB862AD666B6A /* Pods-Offroad-iOS-Offroad-iOSUITests.debug.xcconfig */,
				EF1C3B3A63494D74D0E4AA40 /* Pods-Offroad-iOS-Offroad-iOSUITests.release.xcconfig */,
				4E9252F45B6891FFCE593629 /* Pods-Offroad-iOSTests.debug.xcconfig */,
				45DB654998D44C9EAF078157 /* Pods-Offroad-iOSTests.release.xcconfig */,
			);
			path = Pods;
			sourceTree = "<group>";
		};

		871CF5892C44F7A6001026AA /* View */ = {
			isa = PBXGroup;
			children = (
				871CF58D2C44F833001026AA /* CompleteChoosingCharacterView.swift */,

		871CF5882C44598B001026AA /* New Group */ = {
			isa = PBXGroup;
			children = (
			);
			path = "New Group";
			sourceTree = "<group>";
		};
		8792D01B2C3E8706002051AC /* View */ = {
			isa = PBXGroup;
			children = (
				8792D01D2C3E872D002051AC /* ChoosingCharacterView.swift */,
				8792D0232C3F0843002051AC /* ChoosingCharacterCell.swift */,
			);
			path = View;
			sourceTree = "<group>";
		};

		871CF58A2C44F7B0001026AA /* ViewController */ = {
			isa = PBXGroup;
			children = (
				871CF58B2C44F814001026AA /* CompleteChoosingCharacterViewController.swift */,

		8792D01C2C3E870E002051AC /* ViewController */ = {
			isa = PBXGroup;
			children = (
				8792D01F2C3E873C002051AC /* ChoosingCharacterViewController.swift */,
			);
			path = ViewController;
			sourceTree = "<group>";
		};
		87E0468E2C3CE6D5002D12C2 /* Nickname */ = {
			isa = PBXGroup;
			children = (
				87E046952C3D5E19002D12C2 /* View */,
				87E046962C3D5E23002D12C2 /* ViewController */,
			);
			path = Nickname;
			sourceTree = "<group>";
		};
		87E046952C3D5E19002D12C2 /* View */ = {
			isa = PBXGroup;
			children = (
				87E046972C3D5E3D002D12C2 /* NicknameView.swift */,
				8792D0102C3DA1C9002051AC /* BirthView.swift */,
				8792D0162C3E5828002051AC /* GenderView.swift */,
			);
			path = View;
			sourceTree = "<group>";
		};
		87E046962C3D5E23002D12C2 /* ViewController */ = {
			isa = PBXGroup;
			children = (
				8792CFFD2C3D85BE002051AC /* NicknameViewController.swift */,
				87E046932C3D2B38002D12C2 /* BirthViewController.swift */,
				8792D0142C3E581E002051AC /* GenderViewController.swift */,
			);
			path = ViewController;
			sourceTree = "<group>";
		};
		AA822572E372D5FE101F7990 /* Frameworks */ = {
			isa = PBXGroup;
			children = (
				197CEEAC334A0A510C4EBC1E /* Pods_Offroad_iOS.framework */,
				C9C00FCF31F1DF74855DC482 /* Pods_Offroad_iOS_Offroad_iOSUITests.framework */,
				1C748B13438908AFF5CFFFA4 /* Pods_Offroad_iOSTests.framework */,
			);
			name = Frameworks;
			sourceTree = "<group>";
		};
		D018BB0C2C401F5F0048B6DF /* Components */ = {
			isa = PBXGroup;
			children = (
				D018BB0D2C401F700048B6DF /* CustomButton */,
			);
			path = Components;
			sourceTree = "<group>";
		};
		D018BB0D2C401F700048B6DF /* CustomButton */ = {
			isa = PBXGroup;
			children = (
				D018BB0E2C40200C0048B6DF /* StateToggleButton.swift */,
			);
			path = CustomButton;
			sourceTree = "<group>";
		};
		D06D26BA2C3D642D00E79F25 /* ViewController */ = {
			isa = PBXGroup;
			children = (
				D06D26C42C3D83AA00E79F25 /* HomeViewController.swift */,
			);
			path = ViewController;
			sourceTree = "<group>";
		};
		D06D26BB2C3D643400E79F25 /* View */ = {
			isa = PBXGroup;
			children = (
				D06D26C22C3D835300E79F25 /* HomeView.swift */,
			);
			path = View;
			sourceTree = "<group>";
		};
		D06D26C92C3DAA3200E79F25 /* Component */ = {
			isa = PBXGroup;
			children = (
				D06D26CA2C3DAA5300E79F25 /* CustomQuestView.swift */,
				D06D26CC2C3E6EA200E79F25 /* CustomRecentProgressView.swift */,
				D06D26CE2C3E79EC00E79F25 /* CustomAlmostDoneProgressView.swift */,
			);
			path = Component;
			sourceTree = "<group>";
		};
		D06D26D42C3FE12800E79F25 /* TitlePopup */ = {
			isa = PBXGroup;
			children = (
				D06D26D72C3FE17800E79F25 /* Model */,
				D06D26D62C3FE16D00E79F25 /* View */,
				D06D26D52C3FE16100E79F25 /* ViewController */,
			);
			path = TitlePopup;
			sourceTree = "<group>";
		};
		D06D26D52C3FE16100E79F25 /* ViewController */ = {
			isa = PBXGroup;
			children = (
				D06D26D92C3FE1C700E79F25 /* TitlePopupViewController.swift */,
			);
			path = ViewController;
			sourceTree = "<group>";
		};
		D06D26D62C3FE16D00E79F25 /* View */ = {
			isa = PBXGroup;
			children = (
				D06D26D82C3FE18200E79F25 /* Cell */,
				D06D26DD2C3FE21B00E79F25 /* TitlePopupView.swift */,
			);
			path = View;
			sourceTree = "<group>";
		};
		D06D26D72C3FE17800E79F25 /* Model */ = {
			isa = PBXGroup;
			children = (
				D018BB102C4054D20048B6DF /* TitleModel.swift */,
			);
			path = Model;
			sourceTree = "<group>";
		};
		D06D26D82C3FE18200E79F25 /* Cell */ = {
			isa = PBXGroup;
			children = (
				D06D26E12C400C3800E79F25 /* TitleCollectionViewCell.swift */,
			);
			path = Cell;
			sourceTree = "<group>";
		};
		D0E795FA2C4474F6005B47A5 /* AuthManager */ = {
			isa = PBXGroup;
			children = (
				D0E795FB2C447511005B47A5 /* AppleAuthManager.swift */,
			);
			path = AuthManager;
			sourceTree = "<group>";
		};
		D0E795FD2C44FB3F005B47A5 /* Model */ = {
			isa = PBXGroup;
			children = (
				D0E795FE2C44FC2C005B47A5 /* UserModel.swift */,
			);
			path = Model;
			sourceTree = "<group>";
		};
		D0EAF21C2C3B029D00566543 /* ViewController */ = {
			isa = PBXGroup;
			children = (
				D0EAF21A2C3B026500566543 /* SplashViewController.swift */,
			);
			path = ViewController;
			sourceTree = "<group>";
		};
		D0EAF21D2C3B02AA00566543 /* View */ = {
			isa = PBXGroup;
			children = (
				D0EAF21E2C3B02B700566543 /* SplashView.swift */,
			);
			path = View;
			sourceTree = "<group>";
		};
		D0EAF2212C3B7D4600566543 /* ViewController */ = {
			isa = PBXGroup;
			children = (
				D0EAF2252C3B7D7F00566543 /* LoginViewController.swift */,
			);
			path = ViewController;
			sourceTree = "<group>";
		};
		D0EAF2222C3B7D4E00566543 /* View */ = {
			isa = PBXGroup;
			children = (
				D0EAF2232C3B7D7100566543 /* LoginView.swift */,
			);
			path = View;
			sourceTree = "<group>";
		};
/* End PBXGroup section */

/* Begin PBXNativeTarget section */
		4E0394282C2A9DCE007F0517 /* Offroad-iOS */ = {
			isa = PBXNativeTarget;
			buildConfigurationList = 4E0394532C2A9DCF007F0517 /* Build configuration list for PBXNativeTarget "Offroad-iOS" */;
			buildPhases = (
				73D66E20BE6B517F8FF158AC /* [CP] Check Pods Manifest.lock */,
				4E0394252C2A9DCE007F0517 /* Sources */,
				4E0394262C2A9DCE007F0517 /* Frameworks */,
				4E0394272C2A9DCE007F0517 /* Resources */,
				E05BD092C827A7B178A3515F /* [CP] Embed Pods Frameworks */,
			);
			buildRules = (
			);
			dependencies = (
			);
			name = "Offroad-iOS";
			packageProductDependencies = (
				4E0394C72C2AB723007F0517 /* SnapKit */,
				4E0394CA2C2AB750007F0517 /* Moya */,
				4E0394CD2C2AB762007F0517 /* Kingfisher */,
				4E0394D02C2AB846007F0517 /* KakaoSDKAuth */,
				4E0394D22C2AB846007F0517 /* KakaoSDKCommon */,
				4E0394D42C2AB846007F0517 /* KakaoSDKUser */,
				4E6A5BC22C2E8C290027FDF0 /* Then */,
				4E8B478E2C382A4800D9B8EE /* Lottie */,
			);
			productName = "Offroad-iOS";
			productReference = 4E0394292C2A9DCE007F0517 /* Offroad-iOS.app */;
			productType = "com.apple.product-type.application";
		};
		4E03943E2C2A9DCF007F0517 /* Offroad-iOSTests */ = {
			isa = PBXNativeTarget;
			buildConfigurationList = 4E0394562C2A9DCF007F0517 /* Build configuration list for PBXNativeTarget "Offroad-iOSTests" */;
			buildPhases = (
				A3DCC4D87CD87FCFBAAB768E /* [CP] Check Pods Manifest.lock */,
				4E03943B2C2A9DCF007F0517 /* Sources */,
				4E03943C2C2A9DCF007F0517 /* Frameworks */,
				4E03943D2C2A9DCF007F0517 /* Resources */,
			);
			buildRules = (
			);
			dependencies = (
				4E0394412C2A9DCF007F0517 /* PBXTargetDependency */,
			);
			name = "Offroad-iOSTests";
			productName = "Offroad-iOSTests";
			productReference = 4E03943F2C2A9DCF007F0517 /* Offroad-iOSTests.xctest */;
			productType = "com.apple.product-type.bundle.unit-test";
		};
		4E0394482C2A9DCF007F0517 /* Offroad-iOSUITests */ = {
			isa = PBXNativeTarget;
			buildConfigurationList = 4E0394592C2A9DCF007F0517 /* Build configuration list for PBXNativeTarget "Offroad-iOSUITests" */;
			buildPhases = (
				20D8F67405DE390F409DCAD3 /* [CP] Check Pods Manifest.lock */,
				4E0394452C2A9DCF007F0517 /* Sources */,
				4E0394462C2A9DCF007F0517 /* Frameworks */,
				4E0394472C2A9DCF007F0517 /* Resources */,
				9F5BDBAEBE2CB434AEFB1EB7 /* [CP] Embed Pods Frameworks */,
			);
			buildRules = (
			);
			dependencies = (
				4E03944B2C2A9DCF007F0517 /* PBXTargetDependency */,
			);
			name = "Offroad-iOSUITests";
			productName = "Offroad-iOSUITests";
			productReference = 4E0394492C2A9DCF007F0517 /* Offroad-iOSUITests.xctest */;
			productType = "com.apple.product-type.bundle.ui-testing";
		};
/* End PBXNativeTarget section */

/* Begin PBXProject section */
		4E0394212C2A9DCE007F0517 /* Project object */ = {
			isa = PBXProject;
			attributes = {
				BuildIndependentTargetsInParallel = 1;
				LastSwiftUpdateCheck = 1500;
				LastUpgradeCheck = 1500;
				TargetAttributes = {
					4E0394282C2A9DCE007F0517 = {
						CreatedOnToolsVersion = 15.0.1;
					};
					4E03943E2C2A9DCF007F0517 = {
						CreatedOnToolsVersion = 15.0.1;
						TestTargetID = 4E0394282C2A9DCE007F0517;
					};
					4E0394482C2A9DCF007F0517 = {
						CreatedOnToolsVersion = 15.0.1;
						TestTargetID = 4E0394282C2A9DCE007F0517;
					};
				};
			};
			buildConfigurationList = 4E0394242C2A9DCE007F0517 /* Build configuration list for PBXProject "Offroad-iOS" */;
			compatibilityVersion = "Xcode 14.0";
			developmentRegion = en;
			hasScannedForEncodings = 0;
			knownRegions = (
				en,
				Base,
			);
			mainGroup = 4E0394202C2A9DCE007F0517;
			packageReferences = (
				4E0394C62C2AB723007F0517 /* XCRemoteSwiftPackageReference "SnapKit" */,
				4E0394C92C2AB750007F0517 /* XCRemoteSwiftPackageReference "Moya" */,
				4E0394CC2C2AB762007F0517 /* XCRemoteSwiftPackageReference "Kingfisher" */,
				4E0394CF2C2AB846007F0517 /* XCRemoteSwiftPackageReference "kakao-ios-sdk" */,
				4E6A5BC12C2E8C290027FDF0 /* XCRemoteSwiftPackageReference "Then" */,
				4E8B478D2C382A4800D9B8EE /* XCRemoteSwiftPackageReference "lottie-spm" */,
			);
			productRefGroup = 4E03942A2C2A9DCE007F0517 /* Products */;
			projectDirPath = "";
			projectRoot = "";
			targets = (
				4E0394282C2A9DCE007F0517 /* Offroad-iOS */,
				4E03943E2C2A9DCF007F0517 /* Offroad-iOSTests */,
				4E0394482C2A9DCF007F0517 /* Offroad-iOSUITests */,
			);
		};
/* End PBXProject section */

/* Begin PBXResourcesBuildPhase section */
		4E0394272C2A9DCE007F0517 /* Resources */ = {
			isa = PBXResourcesBuildPhase;
			buildActionMask = 2147483647;
			files = (
				4E0394392C2A9DCF007F0517 /* LaunchScreen.storyboard in Resources */,
				D06D26B92C3BA91900E79F25 /* Optician-Sans.otf in Resources */,
				4EDC3D422C31271F006A1493 /* Pretendard-Light.otf in Resources */,
				4EDC3D442C31271F006A1493 /* Pretendard-ExtraBold.otf in Resources */,
				4EDC3D472C31271F006A1493 /* Pretendard-Thin.otf in Resources */,
				4EDC3D462C31271F006A1493 /* Pretendard-Medium.otf in Resources */,
				4EDC3D432C31271F006A1493 /* Pretendard-Regular.otf in Resources */,
				4EDC3D412C31271F006A1493 /* Pretendard-Bold.otf in Resources */,
				4EDC3D482C31271F006A1493 /* Pretendard-SemiBold.otf in Resources */,
				4EDC3D452C31271F006A1493 /* Pretendard-Black.otf in Resources */,
				4E0394362C2A9DCF007F0517 /* Assets.xcassets in Resources */,
				4EDC3D492C31271F006A1493 /* Pretendard-ExtraLight.otf in Resources */,
			);
			runOnlyForDeploymentPostprocessing = 0;
		};
		4E03943D2C2A9DCF007F0517 /* Resources */ = {
			isa = PBXResourcesBuildPhase;
			buildActionMask = 2147483647;
			files = (
			);
			runOnlyForDeploymentPostprocessing = 0;
		};
		4E0394472C2A9DCF007F0517 /* Resources */ = {
			isa = PBXResourcesBuildPhase;
			buildActionMask = 2147483647;
			files = (
			);
			runOnlyForDeploymentPostprocessing = 0;
		};
/* End PBXResourcesBuildPhase section */

/* Begin PBXShellScriptBuildPhase section */
		20D8F67405DE390F409DCAD3 /* [CP] Check Pods Manifest.lock */ = {
			isa = PBXShellScriptBuildPhase;
			buildActionMask = 2147483647;
			files = (
			);
			inputFileListPaths = (
			);
			inputPaths = (
				"${PODS_PODFILE_DIR_PATH}/Podfile.lock",
				"${PODS_ROOT}/Manifest.lock",
			);
			name = "[CP] Check Pods Manifest.lock";
			outputFileListPaths = (
			);
			outputPaths = (
				"$(DERIVED_FILE_DIR)/Pods-Offroad-iOS-Offroad-iOSUITests-checkManifestLockResult.txt",
			);
			runOnlyForDeploymentPostprocessing = 0;
			shellPath = /bin/sh;
			shellScript = "diff \"${PODS_PODFILE_DIR_PATH}/Podfile.lock\" \"${PODS_ROOT}/Manifest.lock\" > /dev/null\nif [ $? != 0 ] ; then\n    # print error to STDERR\n    echo \"error: The sandbox is not in sync with the Podfile.lock. Run 'pod install' or update your CocoaPods installation.\" >&2\n    exit 1\nfi\n# This output is used by Xcode 'outputs' to avoid re-running this script phase.\necho \"SUCCESS\" > \"${SCRIPT_OUTPUT_FILE_0}\"\n";
			showEnvVarsInLog = 0;
		};
		73D66E20BE6B517F8FF158AC /* [CP] Check Pods Manifest.lock */ = {
			isa = PBXShellScriptBuildPhase;
			buildActionMask = 2147483647;
			files = (
			);
			inputFileListPaths = (
			);
			inputPaths = (
				"${PODS_PODFILE_DIR_PATH}/Podfile.lock",
				"${PODS_ROOT}/Manifest.lock",
			);
			name = "[CP] Check Pods Manifest.lock";
			outputFileListPaths = (
			);
			outputPaths = (
				"$(DERIVED_FILE_DIR)/Pods-Offroad-iOS-checkManifestLockResult.txt",
			);
			runOnlyForDeploymentPostprocessing = 0;
			shellPath = /bin/sh;
			shellScript = "diff \"${PODS_PODFILE_DIR_PATH}/Podfile.lock\" \"${PODS_ROOT}/Manifest.lock\" > /dev/null\nif [ $? != 0 ] ; then\n    # print error to STDERR\n    echo \"error: The sandbox is not in sync with the Podfile.lock. Run 'pod install' or update your CocoaPods installation.\" >&2\n    exit 1\nfi\n# This output is used by Xcode 'outputs' to avoid re-running this script phase.\necho \"SUCCESS\" > \"${SCRIPT_OUTPUT_FILE_0}\"\n";
			showEnvVarsInLog = 0;
		};
		9F5BDBAEBE2CB434AEFB1EB7 /* [CP] Embed Pods Frameworks */ = {
			isa = PBXShellScriptBuildPhase;
			buildActionMask = 2147483647;
			files = (
			);
			inputFileListPaths = (
				"${PODS_ROOT}/Target Support Files/Pods-Offroad-iOS-Offroad-iOSUITests/Pods-Offroad-iOS-Offroad-iOSUITests-frameworks-${CONFIGURATION}-input-files.xcfilelist",
			);
			name = "[CP] Embed Pods Frameworks";
			outputFileListPaths = (
				"${PODS_ROOT}/Target Support Files/Pods-Offroad-iOS-Offroad-iOSUITests/Pods-Offroad-iOS-Offroad-iOSUITests-frameworks-${CONFIGURATION}-output-files.xcfilelist",
			);
			runOnlyForDeploymentPostprocessing = 0;
			shellPath = /bin/sh;
			shellScript = "\"${PODS_ROOT}/Target Support Files/Pods-Offroad-iOS-Offroad-iOSUITests/Pods-Offroad-iOS-Offroad-iOSUITests-frameworks.sh\"\n";
			showEnvVarsInLog = 0;
		};
		A3DCC4D87CD87FCFBAAB768E /* [CP] Check Pods Manifest.lock */ = {
			isa = PBXShellScriptBuildPhase;
			buildActionMask = 2147483647;
			files = (
			);
			inputFileListPaths = (
			);
			inputPaths = (
				"${PODS_PODFILE_DIR_PATH}/Podfile.lock",
				"${PODS_ROOT}/Manifest.lock",
			);
			name = "[CP] Check Pods Manifest.lock";
			outputFileListPaths = (
			);
			outputPaths = (
				"$(DERIVED_FILE_DIR)/Pods-Offroad-iOSTests-checkManifestLockResult.txt",
			);
			runOnlyForDeploymentPostprocessing = 0;
			shellPath = /bin/sh;
			shellScript = "diff \"${PODS_PODFILE_DIR_PATH}/Podfile.lock\" \"${PODS_ROOT}/Manifest.lock\" > /dev/null\nif [ $? != 0 ] ; then\n    # print error to STDERR\n    echo \"error: The sandbox is not in sync with the Podfile.lock. Run 'pod install' or update your CocoaPods installation.\" >&2\n    exit 1\nfi\n# This output is used by Xcode 'outputs' to avoid re-running this script phase.\necho \"SUCCESS\" > \"${SCRIPT_OUTPUT_FILE_0}\"\n";
			showEnvVarsInLog = 0;
		};
		E05BD092C827A7B178A3515F /* [CP] Embed Pods Frameworks */ = {
			isa = PBXShellScriptBuildPhase;
			buildActionMask = 2147483647;
			files = (
			);
			inputFileListPaths = (
				"${PODS_ROOT}/Target Support Files/Pods-Offroad-iOS/Pods-Offroad-iOS-frameworks-${CONFIGURATION}-input-files.xcfilelist",
			);
			name = "[CP] Embed Pods Frameworks";
			outputFileListPaths = (
				"${PODS_ROOT}/Target Support Files/Pods-Offroad-iOS/Pods-Offroad-iOS-frameworks-${CONFIGURATION}-output-files.xcfilelist",
			);
			runOnlyForDeploymentPostprocessing = 0;
			shellPath = /bin/sh;
			shellScript = "\"${PODS_ROOT}/Target Support Files/Pods-Offroad-iOS/Pods-Offroad-iOS-frameworks.sh\"\n";
			showEnvVarsInLog = 0;
		};
/* End PBXShellScriptBuildPhase section */

/* Begin PBXSourcesBuildPhase section */
		4E0394252C2A9DCE007F0517 /* Sources */ = {
			isa = PBXSourcesBuildPhase;
			buildActionMask = 2147483647;
			files = (
				4EEC2FA82C41216700007353 /* OffroadTabBarViewController.swift in Sources */,
				4E1E94192C3AC27C00A7B08A /* QuestMapView.swift in Sources */,
				4EBE34922C3FC73C006DB244 /* QuestQRViewController.swift in Sources */,
				871CF58C2C44F814001026AA /* CompleteChoosingCharacterViewController.swift in Sources */,
				871CF58E2C44F833001026AA /* CompleteChoosingCharacterView.swift in Sources */,
				D06D26CF2C3E79EC00E79F25 /* CustomAlmostDoneProgressView.swift in Sources */,
				D06D26DA2C3FE1C700E79F25 /* TitlePopupViewController.swift in Sources */,
				4E1E94192C3AC27C00A7B08A /* QuestMapView.swift in Sources */,
				87E046982C3D5E3D002D12C2 /* NicknameView.swift in Sources */,
				8792D0192C3E5E40002051AC /* UIButton+.swift in Sources */,
				D0EAF2262C3B7D7F00566543 /* LoginViewController.swift in Sources */,
				4EBE34942C3FC749006DB244 /* QuestQRView.swift in Sources */,
				4E3F009E2C40D20800B9A31A /* OffroadTabBarController.swift in Sources */,
				4E0394DB2C2ABE9D007F0517 /* UIStackView+.swift in Sources */,
				D0E795FF2C44FC2C005B47A5 /* UserModel.swift in Sources */,
				4E0394E62C2AC16A007F0517 /* UIScreen+.swift in Sources */,
				4EDC3D4B2C312850006A1493 /* FontLiterals.swift in Sources */,
				D018BB112C4054D20048B6DF /* TitleModel.swift in Sources */,
				D0E795FC2C447511005B47A5 /* AppleAuthManager.swift in Sources */,
				D06D26C12C3D6A2A00E79F25 /* UILabel+.swift in Sources */,
				8792D0172C3E5828002051AC /* GenderView.swift in Sources */,
				4E0394D92C2ABCCC007F0517 /* UIView+.swift in Sources */,
				8792D0152C3E581E002051AC /* GenderViewController.swift in Sources */,
				4E1E94112C39870700A7B08A /* ColorLiterals.swift in Sources */,
				D06D26DE2C3FE21B00E79F25 /* TitlePopupView.swift in Sources */,
				4E0394312C2A9DCE007F0517 /* ViewController.swift in Sources */,
				4E1E94172C3AC27000A7B08A /* QuestMapViewController.swift in Sources */,
				4E1E941B2C3AC37600A7B08A /* QuestMapNavigationController.swift in Sources */,
				D0EAF21F2C3B02B700566543 /* SplashView.swift in Sources */,
				4E0394E32C2AC0D7007F0517 /* UIWindow+.swift in Sources */,
				4E0394DD2C2ABEF2007F0517 /* UITextField+.swift in Sources */,
				D06D26C32C3D835300E79F25 /* HomeView.swift in Sources */,
				4E0394E12C2AC059007F0517 /* NSObject+.swift in Sources */,
				87E046942C3D2B38002D12C2 /* BirthViewController.swift in Sources */,
				D06D26E22C400C3800E79F25 /* TitleCollectionViewCell.swift in Sources */,
				4E03942D2C2A9DCE007F0517 /* AppDelegate.swift in Sources */,
				D06D26CB2C3DAA5300E79F25 /* CustomQuestView.swift in Sources */,
				D06D26C52C3D83AA00E79F25 /* HomeViewController.swift in Sources */,
				D06D26CD2C3E6EA200E79F25 /* CustomRecentProgressView.swift in Sources */,
				4E1E94132C398C4200A7B08A /* String+.swift in Sources */,
				8792D0202C3E873C002051AC /* ChoosingCharacterViewController.swift in Sources */,
				8792D01E2C3E872D002051AC /* ChoosingCharacterView.swift in Sources */,
				8792CFFE2C3D85BE002051AC /* NicknameViewController.swift in Sources */,
				D018BB0F2C40200C0048B6DF /* StateToggleButton.swift in Sources */,
				4E9DACE02C3FF7290088A376 /* QuestNavigationBar.swift in Sources */,
				D0EAF2242C3B7D7100566543 /* LoginView.swift in Sources */,
				8792D0112C3DA1C9002051AC /* BirthView.swift in Sources */,
				8792D0242C3F0843002051AC /* ChoosingCharacterCell.swift in Sources */,
				4E03942F2C2A9DCE007F0517 /* SceneDelegate.swift in Sources */,
				D0EAF21B2C3B026500566543 /* SplashViewController.swift in Sources */,
				4EFA808B2C3E79E800876D05 /* QuestMapListButton.swift in Sources */,
			);
			runOnlyForDeploymentPostprocessing = 0;
		};
		4E03943B2C2A9DCF007F0517 /* Sources */ = {
			isa = PBXSourcesBuildPhase;
			buildActionMask = 2147483647;
			files = (
				4E0394442C2A9DCF007F0517 /* Offroad_iOSTests.swift in Sources */,
			);
			runOnlyForDeploymentPostprocessing = 0;
		};
		4E0394452C2A9DCF007F0517 /* Sources */ = {
			isa = PBXSourcesBuildPhase;
			buildActionMask = 2147483647;
			files = (
				4E0394502C2A9DCF007F0517 /* Offroad_iOSUITestsLaunchTests.swift in Sources */,
				4E03944E2C2A9DCF007F0517 /* Offroad_iOSUITests.swift in Sources */,
			);
			runOnlyForDeploymentPostprocessing = 0;
		};
/* End PBXSourcesBuildPhase section */

/* Begin PBXTargetDependency section */
		4E0394412C2A9DCF007F0517 /* PBXTargetDependency */ = {
			isa = PBXTargetDependency;
			target = 4E0394282C2A9DCE007F0517 /* Offroad-iOS */;
			targetProxy = 4E0394402C2A9DCF007F0517 /* PBXContainerItemProxy */;
		};
		4E03944B2C2A9DCF007F0517 /* PBXTargetDependency */ = {
			isa = PBXTargetDependency;
			target = 4E0394282C2A9DCE007F0517 /* Offroad-iOS */;
			targetProxy = 4E03944A2C2A9DCF007F0517 /* PBXContainerItemProxy */;
		};
/* End PBXTargetDependency section */

/* Begin PBXVariantGroup section */
		4E0394372C2A9DCF007F0517 /* LaunchScreen.storyboard */ = {
			isa = PBXVariantGroup;
			children = (
				4E0394382C2A9DCF007F0517 /* Base */,
			);
			name = LaunchScreen.storyboard;
			sourceTree = "<group>";
		};
/* End PBXVariantGroup section */

/* Begin XCBuildConfiguration section */
		4E0394512C2A9DCF007F0517 /* Debug */ = {
			isa = XCBuildConfiguration;
			buildSettings = {
				ALWAYS_SEARCH_USER_PATHS = NO;
				ASSETCATALOG_COMPILER_GENERATE_SWIFT_ASSET_SYMBOL_EXTENSIONS = YES;
				CLANG_ANALYZER_NONNULL = YES;
				CLANG_ANALYZER_NUMBER_OBJECT_CONVERSION = YES_AGGRESSIVE;
				CLANG_CXX_LANGUAGE_STANDARD = "gnu++20";
				CLANG_ENABLE_MODULES = YES;
				CLANG_ENABLE_OBJC_ARC = YES;
				CLANG_ENABLE_OBJC_WEAK = YES;
				CLANG_WARN_BLOCK_CAPTURE_AUTORELEASING = YES;
				CLANG_WARN_BOOL_CONVERSION = YES;
				CLANG_WARN_COMMA = YES;
				CLANG_WARN_CONSTANT_CONVERSION = YES;
				CLANG_WARN_DEPRECATED_OBJC_IMPLEMENTATIONS = YES;
				CLANG_WARN_DIRECT_OBJC_ISA_USAGE = YES_ERROR;
				CLANG_WARN_DOCUMENTATION_COMMENTS = YES;
				CLANG_WARN_EMPTY_BODY = YES;
				CLANG_WARN_ENUM_CONVERSION = YES;
				CLANG_WARN_INFINITE_RECURSION = YES;
				CLANG_WARN_INT_CONVERSION = YES;
				CLANG_WARN_NON_LITERAL_NULL_CONVERSION = YES;
				CLANG_WARN_OBJC_IMPLICIT_RETAIN_SELF = YES;
				CLANG_WARN_OBJC_LITERAL_CONVERSION = YES;
				CLANG_WARN_OBJC_ROOT_CLASS = YES_ERROR;
				CLANG_WARN_QUOTED_INCLUDE_IN_FRAMEWORK_HEADER = YES;
				CLANG_WARN_RANGE_LOOP_ANALYSIS = YES;
				CLANG_WARN_STRICT_PROTOTYPES = YES;
				CLANG_WARN_SUSPICIOUS_MOVE = YES;
				CLANG_WARN_UNGUARDED_AVAILABILITY = YES_AGGRESSIVE;
				CLANG_WARN_UNREACHABLE_CODE = YES;
				CLANG_WARN__DUPLICATE_METHOD_MATCH = YES;
				COPY_PHASE_STRIP = NO;
				DEBUG_INFORMATION_FORMAT = dwarf;
				ENABLE_STRICT_OBJC_MSGSEND = YES;
				ENABLE_TESTABILITY = YES;
				ENABLE_USER_SCRIPT_SANDBOXING = YES;
				GCC_C_LANGUAGE_STANDARD = gnu17;
				GCC_DYNAMIC_NO_PIC = NO;
				GCC_NO_COMMON_BLOCKS = YES;
				GCC_OPTIMIZATION_LEVEL = 0;
				GCC_PREPROCESSOR_DEFINITIONS = (
					"DEBUG=1",
					"$(inherited)",
				);
				GCC_WARN_64_TO_32_BIT_CONVERSION = YES;
				GCC_WARN_ABOUT_RETURN_TYPE = YES_ERROR;
				GCC_WARN_UNDECLARED_SELECTOR = YES;
				GCC_WARN_UNINITIALIZED_AUTOS = YES_AGGRESSIVE;
				GCC_WARN_UNUSED_FUNCTION = YES;
				GCC_WARN_UNUSED_VARIABLE = YES;
				IPHONEOS_DEPLOYMENT_TARGET = 17.0;
				LOCALIZATION_PREFERS_STRING_CATALOGS = YES;
				MTL_ENABLE_DEBUG_INFO = INCLUDE_SOURCE;
				MTL_FAST_MATH = YES;
				ONLY_ACTIVE_ARCH = YES;
				SDKROOT = iphoneos;
				SWIFT_ACTIVE_COMPILATION_CONDITIONS = "DEBUG $(inherited)";
				SWIFT_OPTIMIZATION_LEVEL = "-Onone";
			};
			name = Debug;
		};
		4E0394522C2A9DCF007F0517 /* Release */ = {
			isa = XCBuildConfiguration;
			buildSettings = {
				ALWAYS_SEARCH_USER_PATHS = NO;
				ASSETCATALOG_COMPILER_GENERATE_SWIFT_ASSET_SYMBOL_EXTENSIONS = YES;
				CLANG_ANALYZER_NONNULL = YES;
				CLANG_ANALYZER_NUMBER_OBJECT_CONVERSION = YES_AGGRESSIVE;
				CLANG_CXX_LANGUAGE_STANDARD = "gnu++20";
				CLANG_ENABLE_MODULES = YES;
				CLANG_ENABLE_OBJC_ARC = YES;
				CLANG_ENABLE_OBJC_WEAK = YES;
				CLANG_WARN_BLOCK_CAPTURE_AUTORELEASING = YES;
				CLANG_WARN_BOOL_CONVERSION = YES;
				CLANG_WARN_COMMA = YES;
				CLANG_WARN_CONSTANT_CONVERSION = YES;
				CLANG_WARN_DEPRECATED_OBJC_IMPLEMENTATIONS = YES;
				CLANG_WARN_DIRECT_OBJC_ISA_USAGE = YES_ERROR;
				CLANG_WARN_DOCUMENTATION_COMMENTS = YES;
				CLANG_WARN_EMPTY_BODY = YES;
				CLANG_WARN_ENUM_CONVERSION = YES;
				CLANG_WARN_INFINITE_RECURSION = YES;
				CLANG_WARN_INT_CONVERSION = YES;
				CLANG_WARN_NON_LITERAL_NULL_CONVERSION = YES;
				CLANG_WARN_OBJC_IMPLICIT_RETAIN_SELF = YES;
				CLANG_WARN_OBJC_LITERAL_CONVERSION = YES;
				CLANG_WARN_OBJC_ROOT_CLASS = YES_ERROR;
				CLANG_WARN_QUOTED_INCLUDE_IN_FRAMEWORK_HEADER = YES;
				CLANG_WARN_RANGE_LOOP_ANALYSIS = YES;
				CLANG_WARN_STRICT_PROTOTYPES = YES;
				CLANG_WARN_SUSPICIOUS_MOVE = YES;
				CLANG_WARN_UNGUARDED_AVAILABILITY = YES_AGGRESSIVE;
				CLANG_WARN_UNREACHABLE_CODE = YES;
				CLANG_WARN__DUPLICATE_METHOD_MATCH = YES;
				COPY_PHASE_STRIP = NO;
				DEBUG_INFORMATION_FORMAT = "dwarf-with-dsym";
				ENABLE_NS_ASSERTIONS = NO;
				ENABLE_STRICT_OBJC_MSGSEND = YES;
				ENABLE_USER_SCRIPT_SANDBOXING = YES;
				GCC_C_LANGUAGE_STANDARD = gnu17;
				GCC_NO_COMMON_BLOCKS = YES;
				GCC_WARN_64_TO_32_BIT_CONVERSION = YES;
				GCC_WARN_ABOUT_RETURN_TYPE = YES_ERROR;
				GCC_WARN_UNDECLARED_SELECTOR = YES;
				GCC_WARN_UNINITIALIZED_AUTOS = YES_AGGRESSIVE;
				GCC_WARN_UNUSED_FUNCTION = YES;
				GCC_WARN_UNUSED_VARIABLE = YES;
				IPHONEOS_DEPLOYMENT_TARGET = 17.0;
				LOCALIZATION_PREFERS_STRING_CATALOGS = YES;
				MTL_ENABLE_DEBUG_INFO = NO;
				MTL_FAST_MATH = YES;
				SDKROOT = iphoneos;
				SWIFT_COMPILATION_MODE = wholemodule;
				VALIDATE_PRODUCT = YES;
			};
			name = Release;
		};
		4E0394542C2A9DCF007F0517 /* Debug */ = {
			isa = XCBuildConfiguration;
			baseConfigurationReference = 05CE10D0D2341109A6ABBFDD /* Pods-Offroad-iOS.debug.xcconfig */;
			buildSettings = {
				ASSETCATALOG_COMPILER_APPICON_NAME = AppIcon;
				ASSETCATALOG_COMPILER_GLOBAL_ACCENT_COLOR_NAME = AccentColor;
				CODE_SIGN_ENTITLEMENTS = "Offroad-iOS/Offroad-iOS.entitlements";
				CODE_SIGN_IDENTITY = "Apple Development";
				"CODE_SIGN_IDENTITY[sdk=iphoneos*]" = "iPhone Developer";
				CODE_SIGN_STYLE = Manual;
				CURRENT_PROJECT_VERSION = 1;
				DEVELOPMENT_TEAM = "";
				"DEVELOPMENT_TEAM[sdk=iphoneos*]" = 548W892M42;
				ENABLE_USER_SCRIPT_SANDBOXING = NO;
				GENERATE_INFOPLIST_FILE = YES;
				INFOPLIST_FILE = "Offroad-iOS/Global/Resources/Info.plist";
				INFOPLIST_KEY_UIApplicationSupportsIndirectInputEvents = YES;
				INFOPLIST_KEY_UILaunchStoryboardName = LaunchScreen;
				INFOPLIST_KEY_UISupportedInterfaceOrientations = UIInterfaceOrientationPortrait;
				INFOPLIST_KEY_UISupportedInterfaceOrientations_iPad = "UIInterfaceOrientationPortrait UIInterfaceOrientationPortraitUpsideDown";
				IPHONEOS_DEPLOYMENT_TARGET = 15.0;
				LD_RUNPATH_SEARCH_PATHS = (
					"$(inherited)",
					"@executable_path/Frameworks",
				);
				MARKETING_VERSION = 1.0;
				PRODUCT_BUNDLE_IDENTIFIER = com.offroadapp.offroad;
				PRODUCT_NAME = "$(TARGET_NAME)";
				PROVISIONING_PROFILE_SPECIFIER = "";
				"PROVISIONING_PROFILE_SPECIFIER[sdk=iphoneos*]" = OFFROAD_Development;
				SWIFT_EMIT_LOC_STRINGS = YES;
				SWIFT_VERSION = 5.0;
				TARGETED_DEVICE_FAMILY = "1,2";
			};
			name = Debug;
		};
		4E0394552C2A9DCF007F0517 /* Release */ = {
			isa = XCBuildConfiguration;
			baseConfigurationReference = 78F0993563C495E017073FC7 /* Pods-Offroad-iOS.release.xcconfig */;
			buildSettings = {
				ASSETCATALOG_COMPILER_APPICON_NAME = AppIcon;
				ASSETCATALOG_COMPILER_GLOBAL_ACCENT_COLOR_NAME = AccentColor;
				CODE_SIGN_ENTITLEMENTS = "Offroad-iOS/Offroad-iOS.entitlements";
				CODE_SIGN_IDENTITY = "Apple Development";
				"CODE_SIGN_IDENTITY[sdk=iphoneos*]" = "iPhone Developer";
				CODE_SIGN_STYLE = Manual;
				CURRENT_PROJECT_VERSION = 1;
				DEVELOPMENT_TEAM = "";
				"DEVELOPMENT_TEAM[sdk=iphoneos*]" = 548W892M42;
				ENABLE_USER_SCRIPT_SANDBOXING = NO;
				GENERATE_INFOPLIST_FILE = YES;
				INFOPLIST_FILE = "Offroad-iOS/Global/Resources/Info.plist";
				INFOPLIST_KEY_UIApplicationSupportsIndirectInputEvents = YES;
				INFOPLIST_KEY_UILaunchStoryboardName = LaunchScreen;
				INFOPLIST_KEY_UISupportedInterfaceOrientations = UIInterfaceOrientationPortrait;
				INFOPLIST_KEY_UISupportedInterfaceOrientations_iPad = "UIInterfaceOrientationPortrait UIInterfaceOrientationPortraitUpsideDown";
				IPHONEOS_DEPLOYMENT_TARGET = 15.0;
				LD_RUNPATH_SEARCH_PATHS = (
					"$(inherited)",
					"@executable_path/Frameworks",
				);
				MARKETING_VERSION = 1.0;
				PRODUCT_BUNDLE_IDENTIFIER = com.offroadapp.offroad;
				PRODUCT_NAME = "$(TARGET_NAME)";
				PROVISIONING_PROFILE_SPECIFIER = "";
				"PROVISIONING_PROFILE_SPECIFIER[sdk=iphoneos*]" = OFFROAD_Development;
				SWIFT_EMIT_LOC_STRINGS = YES;
				SWIFT_VERSION = 5.0;
				TARGETED_DEVICE_FAMILY = "1,2";
			};
			name = Release;
		};
		4E0394572C2A9DCF007F0517 /* Debug */ = {
			isa = XCBuildConfiguration;
			baseConfigurationReference = 4E9252F45B6891FFCE593629 /* Pods-Offroad-iOSTests.debug.xcconfig */;
			buildSettings = {
				ALWAYS_EMBED_SWIFT_STANDARD_LIBRARIES = YES;
				BUNDLE_LOADER = "$(TEST_HOST)";
				CODE_SIGN_STYLE = Automatic;
				CURRENT_PROJECT_VERSION = 1;
				DEVELOPMENT_TEAM = 548W892M42;
				GENERATE_INFOPLIST_FILE = YES;
				IPHONEOS_DEPLOYMENT_TARGET = 17.0;
				MARKETING_VERSION = 1.0;
				PRODUCT_BUNDLE_IDENTIFIER = "com.minsung.Offroad-iOSTests";
				PRODUCT_NAME = "$(TARGET_NAME)";
				SWIFT_EMIT_LOC_STRINGS = NO;
				SWIFT_VERSION = 5.0;
				TARGETED_DEVICE_FAMILY = "1,2";
				TEST_HOST = "$(BUILT_PRODUCTS_DIR)/Offroad-iOS.app/$(BUNDLE_EXECUTABLE_FOLDER_PATH)/Offroad-iOS";
			};
			name = Debug;
		};
		4E0394582C2A9DCF007F0517 /* Release */ = {
			isa = XCBuildConfiguration;
			baseConfigurationReference = 45DB654998D44C9EAF078157 /* Pods-Offroad-iOSTests.release.xcconfig */;
			buildSettings = {
				ALWAYS_EMBED_SWIFT_STANDARD_LIBRARIES = YES;
				BUNDLE_LOADER = "$(TEST_HOST)";
				CODE_SIGN_STYLE = Automatic;
				CURRENT_PROJECT_VERSION = 1;
				DEVELOPMENT_TEAM = 548W892M42;
				GENERATE_INFOPLIST_FILE = YES;
				IPHONEOS_DEPLOYMENT_TARGET = 17.0;
				MARKETING_VERSION = 1.0;
				PRODUCT_BUNDLE_IDENTIFIER = "com.minsung.Offroad-iOSTests";
				PRODUCT_NAME = "$(TARGET_NAME)";
				SWIFT_EMIT_LOC_STRINGS = NO;
				SWIFT_VERSION = 5.0;
				TARGETED_DEVICE_FAMILY = "1,2";
				TEST_HOST = "$(BUILT_PRODUCTS_DIR)/Offroad-iOS.app/$(BUNDLE_EXECUTABLE_FOLDER_PATH)/Offroad-iOS";
			};
			name = Release;
		};
		4E03945A2C2A9DCF007F0517 /* Debug */ = {
			isa = XCBuildConfiguration;
			baseConfigurationReference = 497C4997173AB862AD666B6A /* Pods-Offroad-iOS-Offroad-iOSUITests.debug.xcconfig */;
			buildSettings = {
				ALWAYS_EMBED_SWIFT_STANDARD_LIBRARIES = YES;
				CODE_SIGN_STYLE = Automatic;
				CURRENT_PROJECT_VERSION = 1;
				DEVELOPMENT_TEAM = 548W892M42;
				GENERATE_INFOPLIST_FILE = YES;
				MARKETING_VERSION = 1.0;
				PRODUCT_BUNDLE_IDENTIFIER = "com.minsung.Offroad-iOSUITests";
				PRODUCT_NAME = "$(TARGET_NAME)";
				SWIFT_EMIT_LOC_STRINGS = NO;
				SWIFT_VERSION = 5.0;
				TARGETED_DEVICE_FAMILY = "1,2";
				TEST_TARGET_NAME = "Offroad-iOS";
			};
			name = Debug;
		};
		4E03945B2C2A9DCF007F0517 /* Release */ = {
			isa = XCBuildConfiguration;
			baseConfigurationReference = EF1C3B3A63494D74D0E4AA40 /* Pods-Offroad-iOS-Offroad-iOSUITests.release.xcconfig */;
			buildSettings = {
				ALWAYS_EMBED_SWIFT_STANDARD_LIBRARIES = YES;
				CODE_SIGN_STYLE = Automatic;
				CURRENT_PROJECT_VERSION = 1;
				DEVELOPMENT_TEAM = 548W892M42;
				GENERATE_INFOPLIST_FILE = YES;
				MARKETING_VERSION = 1.0;
				PRODUCT_BUNDLE_IDENTIFIER = "com.minsung.Offroad-iOSUITests";
				PRODUCT_NAME = "$(TARGET_NAME)";
				SWIFT_EMIT_LOC_STRINGS = NO;
				SWIFT_VERSION = 5.0;
				TARGETED_DEVICE_FAMILY = "1,2";
				TEST_TARGET_NAME = "Offroad-iOS";
			};
			name = Release;
		};
/* End XCBuildConfiguration section */

/* Begin XCConfigurationList section */
		4E0394242C2A9DCE007F0517 /* Build configuration list for PBXProject "Offroad-iOS" */ = {
			isa = XCConfigurationList;
			buildConfigurations = (
				4E0394512C2A9DCF007F0517 /* Debug */,
				4E0394522C2A9DCF007F0517 /* Release */,
			);
			defaultConfigurationIsVisible = 0;
			defaultConfigurationName = Release;
		};
		4E0394532C2A9DCF007F0517 /* Build configuration list for PBXNativeTarget "Offroad-iOS" */ = {
			isa = XCConfigurationList;
			buildConfigurations = (
				4E0394542C2A9DCF007F0517 /* Debug */,
				4E0394552C2A9DCF007F0517 /* Release */,
			);
			defaultConfigurationIsVisible = 0;
			defaultConfigurationName = Release;
		};
		4E0394562C2A9DCF007F0517 /* Build configuration list for PBXNativeTarget "Offroad-iOSTests" */ = {
			isa = XCConfigurationList;
			buildConfigurations = (
				4E0394572C2A9DCF007F0517 /* Debug */,
				4E0394582C2A9DCF007F0517 /* Release */,
			);
			defaultConfigurationIsVisible = 0;
			defaultConfigurationName = Release;
		};
		4E0394592C2A9DCF007F0517 /* Build configuration list for PBXNativeTarget "Offroad-iOSUITests" */ = {
			isa = XCConfigurationList;
			buildConfigurations = (
				4E03945A2C2A9DCF007F0517 /* Debug */,
				4E03945B2C2A9DCF007F0517 /* Release */,
			);
			defaultConfigurationIsVisible = 0;
			defaultConfigurationName = Release;
		};
/* End XCConfigurationList section */

/* Begin XCRemoteSwiftPackageReference section */
		4E0394C62C2AB723007F0517 /* XCRemoteSwiftPackageReference "SnapKit" */ = {
			isa = XCRemoteSwiftPackageReference;
			repositoryURL = "https://github.com/SnapKit/SnapKit";
			requirement = {
				kind = upToNextMajorVersion;
				minimumVersion = 5.7.1;
			};
		};
		4E0394C92C2AB750007F0517 /* XCRemoteSwiftPackageReference "Moya" */ = {
			isa = XCRemoteSwiftPackageReference;
			repositoryURL = "https://github.com/Moya/Moya";
			requirement = {
				kind = upToNextMajorVersion;
				minimumVersion = 15.0.3;
			};
		};
		4E0394CC2C2AB762007F0517 /* XCRemoteSwiftPackageReference "Kingfisher" */ = {
			isa = XCRemoteSwiftPackageReference;
			repositoryURL = "https://github.com/onevcat/Kingfisher.git";
			requirement = {
				kind = upToNextMajorVersion;
				minimumVersion = 7.12.0;
			};
		};
		4E0394CF2C2AB846007F0517 /* XCRemoteSwiftPackageReference "kakao-ios-sdk" */ = {
			isa = XCRemoteSwiftPackageReference;
			repositoryURL = "https://github.com/kakao/kakao-ios-sdk.git";
			requirement = {
				kind = upToNextMajorVersion;
				minimumVersion = 2.22.3;
			};
		};
		4E6A5BC12C2E8C290027FDF0 /* XCRemoteSwiftPackageReference "Then" */ = {
			isa = XCRemoteSwiftPackageReference;
			repositoryURL = "https://github.com/devxoul/Then";
			requirement = {
				kind = upToNextMajorVersion;
				minimumVersion = 3.0.0;
			};
		};
		4E8B478D2C382A4800D9B8EE /* XCRemoteSwiftPackageReference "lottie-spm" */ = {
			isa = XCRemoteSwiftPackageReference;
			repositoryURL = "https://github.com/airbnb/lottie-spm.git";
			requirement = {
				kind = upToNextMajorVersion;
				minimumVersion = 4.4.3;
			};
		};
/* End XCRemoteSwiftPackageReference section */

/* Begin XCSwiftPackageProductDependency section */
		4E0394C72C2AB723007F0517 /* SnapKit */ = {
			isa = XCSwiftPackageProductDependency;
			package = 4E0394C62C2AB723007F0517 /* XCRemoteSwiftPackageReference "SnapKit" */;
			productName = SnapKit;
		};
		4E0394CA2C2AB750007F0517 /* Moya */ = {
			isa = XCSwiftPackageProductDependency;
			package = 4E0394C92C2AB750007F0517 /* XCRemoteSwiftPackageReference "Moya" */;
			productName = Moya;
		};
		4E0394CD2C2AB762007F0517 /* Kingfisher */ = {
			isa = XCSwiftPackageProductDependency;
			package = 4E0394CC2C2AB762007F0517 /* XCRemoteSwiftPackageReference "Kingfisher" */;
			productName = Kingfisher;
		};
		4E0394D02C2AB846007F0517 /* KakaoSDKAuth */ = {
			isa = XCSwiftPackageProductDependency;
			package = 4E0394CF2C2AB846007F0517 /* XCRemoteSwiftPackageReference "kakao-ios-sdk" */;
			productName = KakaoSDKAuth;
		};
		4E0394D22C2AB846007F0517 /* KakaoSDKCommon */ = {
			isa = XCSwiftPackageProductDependency;
			package = 4E0394CF2C2AB846007F0517 /* XCRemoteSwiftPackageReference "kakao-ios-sdk" */;
			productName = KakaoSDKCommon;
		};
		4E0394D42C2AB846007F0517 /* KakaoSDKUser */ = {
			isa = XCSwiftPackageProductDependency;
			package = 4E0394CF2C2AB846007F0517 /* XCRemoteSwiftPackageReference "kakao-ios-sdk" */;
			productName = KakaoSDKUser;
		};
		4E6A5BC22C2E8C290027FDF0 /* Then */ = {
			isa = XCSwiftPackageProductDependency;
			package = 4E6A5BC12C2E8C290027FDF0 /* XCRemoteSwiftPackageReference "Then" */;
			productName = Then;
		};
		4E8B478E2C382A4800D9B8EE /* Lottie */ = {
			isa = XCSwiftPackageProductDependency;
			package = 4E8B478D2C382A4800D9B8EE /* XCRemoteSwiftPackageReference "lottie-spm" */;
			productName = Lottie;
		};
/* End XCSwiftPackageProductDependency section */
	};
	rootObject = 4E0394212C2A9DCE007F0517 /* Project object */;
}
